// !$*UTF8*$!
{
	archiveVersion = 1;
	classes = {
	};
	objectVersion = 46;
	objects = {

/* Begin PBXBuildFile section */
		1832325918F03310004DC7BC /* Base64Transcoder.m in Sources */ = {isa = PBXBuildFile; fileRef = 1832325018F03310004DC7BC /* Base64Transcoder.m */; };
		1832325A18F03310004DC7BC /* HSK_CFUtilities.m in Sources */ = {isa = PBXBuildFile; fileRef = 1832325218F03310004DC7BC /* HSK_CFUtilities.m */; };
		1832325B18F03310004DC7BC /* NSData+Base64Additions.m in Sources */ = {isa = PBXBuildFile; fileRef = 1832325418F03310004DC7BC /* NSData+Base64Additions.m */; settings = {COMPILER_FLAGS = "-fno-objc-arc"; }; };
		1832325C18F03310004DC7BC /* NSStream+SKPSMTPExtensions.m in Sources */ = {isa = PBXBuildFile; fileRef = 1832325618F03310004DC7BC /* NSStream+SKPSMTPExtensions.m */; settings = {COMPILER_FLAGS = "-fno-objc-arc"; }; };
		1832325D18F03310004DC7BC /* SKPSMTPMessage.m in Sources */ = {isa = PBXBuildFile; fileRef = 1832325818F03310004DC7BC /* SKPSMTPMessage.m */; settings = {COMPILER_FLAGS = "-fno-objc-arc"; }; };
		1832325F18F03FC1004DC7BC /* CFNetwork.framework in Frameworks */ = {isa = PBXBuildFile; fileRef = 1832325E18F03FC1004DC7BC /* CFNetwork.framework */; };
		184CDF9218FD0E8900350402 /* MRGameViewController.m in Sources */ = {isa = PBXBuildFile; fileRef = 184CDF9018FD0E8900350402 /* MRGameViewController.m */; };
		184CDF9318FD0E8900350402 /* MRGameViewController.xib in Resources */ = {isa = PBXBuildFile; fileRef = 184CDF9118FD0E8900350402 /* MRGameViewController.xib */; };
		184CDF9E18FD5C2B00350402 /* bullion_bottom_germany@2x.png in Resources */ = {isa = PBXBuildFile; fileRef = 184CDF9518FD5C2B00350402 /* bullion_bottom_germany@2x.png */; };
		184CDF9F18FD5C2B00350402 /* bullion_bottom_russia@2x.png in Resources */ = {isa = PBXBuildFile; fileRef = 184CDF9618FD5C2B00350402 /* bullion_bottom_russia@2x.png */; };
		184CDFA018FD5C2B00350402 /* bullion_bottom_usa@2x.png in Resources */ = {isa = PBXBuildFile; fileRef = 184CDF9718FD5C2B00350402 /* bullion_bottom_usa@2x.png */; };
		184CDFA118FD5C2B00350402 /* bullion_top_barcode_center@2x.png in Resources */ = {isa = PBXBuildFile; fileRef = 184CDF9818FD5C2B00350402 /* bullion_top_barcode_center@2x.png */; };
		184CDFA218FD5C2B00350402 /* bullion_top_barcode_left@2x.png in Resources */ = {isa = PBXBuildFile; fileRef = 184CDF9918FD5C2B00350402 /* bullion_top_barcode_left@2x.png */; };
		184CDFA318FD5C2B00350402 /* bullion_top_barcode_right@2x.png in Resources */ = {isa = PBXBuildFile; fileRef = 184CDF9A18FD5C2B00350402 /* bullion_top_barcode_right@2x.png */; };
		184CDFA418FD5C2B00350402 /* bullion_top_logo_center@2x.png in Resources */ = {isa = PBXBuildFile; fileRef = 184CDF9B18FD5C2B00350402 /* bullion_top_logo_center@2x.png */; };
		184CDFA518FD5C2B00350402 /* bullion_top_logo_left@2x.png in Resources */ = {isa = PBXBuildFile; fileRef = 184CDF9C18FD5C2B00350402 /* bullion_top_logo_left@2x.png */; };
		184CDFA618FD5C2B00350402 /* bullion_top_logo_right@2x.png in Resources */ = {isa = PBXBuildFile; fileRef = 184CDF9D18FD5C2B00350402 /* bullion_top_logo_right@2x.png */; };
		186661F618FE85E7003552ED /* MRStampRootViewController.m in Sources */ = {isa = PBXBuildFile; fileRef = 186661F418FE85E7003552ED /* MRStampRootViewController.m */; };
		186661F718FE85E7003552ED /* MRStampRootViewController.xib in Resources */ = {isa = PBXBuildFile; fileRef = 186661F518FE85E7003552ED /* MRStampRootViewController.xib */; };
		186661FE18FE8B43003552ED /* cut.png in Resources */ = {isa = PBXBuildFile; fileRef = 186661FA18FE8B43003552ED /* cut.png */; };
		186661FF18FE8B43003552ED /* main.png in Resources */ = {isa = PBXBuildFile; fileRef = 186661FB18FE8B43003552ED /* main.png */; };
		1866620018FE8B43003552ED /* photo.png in Resources */ = {isa = PBXBuildFile; fileRef = 186661FC18FE8B43003552ED /* photo.png */; };
		1866620118FE8B43003552ED /* result.png in Resources */ = {isa = PBXBuildFile; fileRef = 186661FD18FE8B43003552ED /* result.png */; };
		1866620718FE8B89003552ED /* ALRadialButton.m in Sources */ = {isa = PBXBuildFile; fileRef = 1866620418FE8B89003552ED /* ALRadialButton.m */; };
		1866620818FE8B89003552ED /* ALRadialMenu.m in Sources */ = {isa = PBXBuildFile; fileRef = 1866620618FE8B89003552ED /* ALRadialMenu.m */; };
		1866620D18FE9C04003552ED /* MRPhotoViewController.m in Sources */ = {isa = PBXBuildFile; fileRef = 1866620B18FE9C04003552ED /* MRPhotoViewController.m */; };
		1866620E18FE9C04003552ED /* MRPhotoViewController.xib in Resources */ = {isa = PBXBuildFile; fileRef = 1866620C18FE9C04003552ED /* MRPhotoViewController.xib */; };
		1866621118FEC431003552ED /* siluet-photo-make@2x.png in Resources */ = {isa = PBXBuildFile; fileRef = 1866621018FEC431003552ED /* siluet-photo-make@2x.png */; };
		1866621518FEDCC7003552ED /* MRImageBlockView.m in Sources */ = {isa = PBXBuildFile; fileRef = 1866621418FEDCC7003552ED /* MRImageBlockView.m */; };
		1866621718FEE1BE003552ED /* person.jpg in Resources */ = {isa = PBXBuildFile; fileRef = 1866621618FEE1BE003552ED /* person.jpg */; };
		18936E2E18E3F215009D88A6 /* Foundation.framework in Frameworks */ = {isa = PBXBuildFile; fileRef = 18936E2D18E3F215009D88A6 /* Foundation.framework */; };
		18936E3018E3F215009D88A6 /* CoreGraphics.framework in Frameworks */ = {isa = PBXBuildFile; fileRef = 18936E2F18E3F215009D88A6 /* CoreGraphics.framework */; };
		18936E3218E3F215009D88A6 /* UIKit.framework in Frameworks */ = {isa = PBXBuildFile; fileRef = 18936E3118E3F215009D88A6 /* UIKit.framework */; };
		18936E3418E3F215009D88A6 /* CoreData.framework in Frameworks */ = {isa = PBXBuildFile; fileRef = 18936E3318E3F215009D88A6 /* CoreData.framework */; };
		18936E3A18E3F216009D88A6 /* InfoPlist.strings in Resources */ = {isa = PBXBuildFile; fileRef = 18936E3818E3F216009D88A6 /* InfoPlist.strings */; };
		18936E3C18E3F216009D88A6 /* main.m in Sources */ = {isa = PBXBuildFile; fileRef = 18936E3B18E3F216009D88A6 /* main.m */; };
		18936E4318E3F216009D88A6 /* MarlboroApp.xcdatamodeld in Sources */ = {isa = PBXBuildFile; fileRef = 18936E4118E3F216009D88A6 /* MarlboroApp.xcdatamodeld */; };
		18936E4518E3F216009D88A6 /* Images.xcassets in Resources */ = {isa = PBXBuildFile; fileRef = 18936E4418E3F216009D88A6 /* Images.xcassets */; };
		18936E4C18E3F216009D88A6 /* XCTest.framework in Frameworks */ = {isa = PBXBuildFile; fileRef = 18936E4B18E3F216009D88A6 /* XCTest.framework */; };
		18936E4D18E3F216009D88A6 /* Foundation.framework in Frameworks */ = {isa = PBXBuildFile; fileRef = 18936E2D18E3F215009D88A6 /* Foundation.framework */; };
		18936E4E18E3F216009D88A6 /* UIKit.framework in Frameworks */ = {isa = PBXBuildFile; fileRef = 18936E3118E3F215009D88A6 /* UIKit.framework */; };
		18936E4F18E3F216009D88A6 /* CoreData.framework in Frameworks */ = {isa = PBXBuildFile; fileRef = 18936E3318E3F215009D88A6 /* CoreData.framework */; };
		18936E5718E3F216009D88A6 /* InfoPlist.strings in Resources */ = {isa = PBXBuildFile; fileRef = 18936E5518E3F216009D88A6 /* InfoPlist.strings */; };
		18936E5918E3F216009D88A6 /* MarlboroAppTests.m in Sources */ = {isa = PBXBuildFile; fileRef = 18936E5818E3F216009D88A6 /* MarlboroAppTests.m */; };
		18936E6918E3FD52009D88A6 /* MRAppDelegate.m in Sources */ = {isa = PBXBuildFile; fileRef = 18936E6818E3FD52009D88A6 /* MRAppDelegate.m */; };
		18936E6F18E3FEBB009D88A6 /* background.png in Resources */ = {isa = PBXBuildFile; fileRef = 18936E6E18E3FEBB009D88A6 /* background.png */; };
		18936E7B18E40637009D88A6 /* MRRootViewController.m in Sources */ = {isa = PBXBuildFile; fileRef = 18936E7818E40637009D88A6 /* MRRootViewController.m */; };
		18936E7C18E40637009D88A6 /* MRRootViewController.xib in Resources */ = {isa = PBXBuildFile; fileRef = 18936E7918E40637009D88A6 /* MRRootViewController.xib */; };
		18936E8018E4064F009D88A6 /* MRRootMenuViewController.m in Sources */ = {isa = PBXBuildFile; fileRef = 18936E7E18E4064F009D88A6 /* MRRootMenuViewController.m */; };
		18936E8118E4064F009D88A6 /* MRRootMenuViewController.xib in Resources */ = {isa = PBXBuildFile; fileRef = 18936E7F18E4064F009D88A6 /* MRRootMenuViewController.xib */; };
		18936E8418E40B32009D88A6 /* opti-agency-gothic.ttf in Resources */ = {isa = PBXBuildFile; fileRef = 18936E8318E40B32009D88A6 /* opti-agency-gothic.ttf */; };
		18936E8718E40CEF009D88A6 /* MRParentViewController.m in Sources */ = {isa = PBXBuildFile; fileRef = 18936E8618E40CEF009D88A6 /* MRParentViewController.m */; };
		18936E8918E410B6009D88A6 /* MyriadPro-Cond.otf in Resources */ = {isa = PBXBuildFile; fileRef = 18936E8818E410B6009D88A6 /* MyriadPro-Cond.otf */; };
		18936E8F18E412DB009D88A6 /* active_barcode@2x.png in Resources */ = {isa = PBXBuildFile; fileRef = 18936E8B18E412DB009D88A6 /* active_barcode@2x.png */; };
		18936E9118E412DB009D88A6 /* active_print@2x.png in Resources */ = {isa = PBXBuildFile; fileRef = 18936E8D18E412DB009D88A6 /* active_print@2x.png */; };
		18936E9218E412DB009D88A6 /* active_stamp@2x.png in Resources */ = {isa = PBXBuildFile; fileRef = 18936E8E18E412DB009D88A6 /* active_stamp@2x.png */; };
		18936E9718E42C0D009D88A6 /* PMActivationView.m in Sources */ = {isa = PBXBuildFile; fileRef = 18936E9618E42C0D009D88A6 /* PMActivationView.m */; };
		18936E9A18E42E0B009D88A6 /* UIView+GestureBlocks.m in Sources */ = {isa = PBXBuildFile; fileRef = 18936E9918E42E0B009D88A6 /* UIView+GestureBlocks.m */; };
		18936EA218E5318B009D88A6 /* MRRegistrationViewController.m in Sources */ = {isa = PBXBuildFile; fileRef = 18936EA018E5318B009D88A6 /* MRRegistrationViewController.m */; };
		18936EA318E5318B009D88A6 /* MRRegistrationViewController.xib in Resources */ = {isa = PBXBuildFile; fileRef = 18936EA118E5318B009D88A6 /* MRRegistrationViewController.xib */; };
		18936EA718E531E6009D88A6 /* MRRegistrationItemView.m in Sources */ = {isa = PBXBuildFile; fileRef = 18936EA618E531E6009D88A6 /* MRRegistrationItemView.m */; };
		18936EAC18E53D38009D88A6 /* field_background@2x.png in Resources */ = {isa = PBXBuildFile; fileRef = 18936EAB18E53D38009D88A6 /* field_background@2x.png */; };
		18936EB418E583BC009D88A6 /* MRChooserViewController.m in Sources */ = {isa = PBXBuildFile; fileRef = 18936EB218E583BC009D88A6 /* MRChooserViewController.m */; };
		18936EB518E583BC009D88A6 /* MRChooserViewController.xib in Resources */ = {isa = PBXBuildFile; fileRef = 18936EB318E583BC009D88A6 /* MRChooserViewController.xib */; };
		18936EB918E589AD009D88A6 /* MRCheckItem.m in Sources */ = {isa = PBXBuildFile; fileRef = 18936EB818E589AD009D88A6 /* MRCheckItem.m */; };
		18936EBD18E68693009D88A6 /* check@2x.png in Resources */ = {isa = PBXBuildFile; fileRef = 18936EBB18E68693009D88A6 /* check@2x.png */; };
		18936EBE18E68693009D88A6 /* check_frame@2x.png in Resources */ = {isa = PBXBuildFile; fileRef = 18936EBC18E68693009D88A6 /* check_frame@2x.png */; };
		18936EC618E6C372009D88A6 /* keyboard_button@2x.png in Resources */ = {isa = PBXBuildFile; fileRef = 18936EC218E6C372009D88A6 /* keyboard_button@2x.png */; };
		18936EC718E6C372009D88A6 /* keyboard_delete@2x.png in Resources */ = {isa = PBXBuildFile; fileRef = 18936EC318E6C372009D88A6 /* keyboard_delete@2x.png */; };
		18936EC818E6C372009D88A6 /* keyboard_ru_eng@2x.png in Resources */ = {isa = PBXBuildFile; fileRef = 18936EC418E6C372009D88A6 /* keyboard_ru_eng@2x.png */; };
		18936EC918E6C372009D88A6 /* keyboard_space@2x.png in Resources */ = {isa = PBXBuildFile; fileRef = 18936EC518E6C372009D88A6 /* keyboard_space@2x.png */; };
		18936ECE18E6C3BD009D88A6 /* PMCustomKeyboard.m in Sources */ = {isa = PBXBuildFile; fileRef = 18936ECC18E6C3BD009D88A6 /* PMCustomKeyboard.m */; };
		18936ECF18E6C3BD009D88A6 /* PMCustomKeyboard.xib in Resources */ = {isa = PBXBuildFile; fileRef = 18936ECD18E6C3BD009D88A6 /* PMCustomKeyboard.xib */; };
		18936ED318E6EA91009D88A6 /* back@2x.png in Resources */ = {isa = PBXBuildFile; fileRef = 18936ED118E6EA91009D88A6 /* back@2x.png */; };
		18936ED618E75EA7009D88A6 /* continue_button@2x.png in Resources */ = {isa = PBXBuildFile; fileRef = 18936ED518E75EA7009D88A6 /* continue_button@2x.png */; };
		18936EDB18E76EF4009D88A6 /* MRBarcodeListViewController.m in Sources */ = {isa = PBXBuildFile; fileRef = 18936ED918E76EF4009D88A6 /* MRBarcodeListViewController.m */; };
		18936EDC18E76EF4009D88A6 /* MRBarcodeListViewController.xib in Resources */ = {isa = PBXBuildFile; fileRef = 18936EDA18E76EF4009D88A6 /* MRBarcodeListViewController.xib */; };
		18936EE018E770EF009D88A6 /* UIImage+BarcodeImage.m in Sources */ = {isa = PBXBuildFile; fileRef = 18936EDF18E770EE009D88A6 /* UIImage+BarcodeImage.m */; };
		18936EE418E774BB009D88A6 /* MRDataManager.m in Sources */ = {isa = PBXBuildFile; fileRef = 18936EE318E774BB009D88A6 /* MRDataManager.m */; };
		18936EE718E7D215009D88A6 /* texture.png in Resources */ = {isa = PBXBuildFile; fileRef = 18936EE618E7D215009D88A6 /* texture.png */; };
		18936EEB18E7D46F009D88A6 /* FuturaDemiC.ttf in Resources */ = {isa = PBXBuildFile; fileRef = 18936EE818E7D46F009D88A6 /* FuturaDemiC.ttf */; };
		18936EEC18E7D46F009D88A6 /* PFAgoraSlabPro-Black.ttf in Resources */ = {isa = PBXBuildFile; fileRef = 18936EE918E7D46F009D88A6 /* PFAgoraSlabPro-Black.ttf */; };
		18936EED18E7D46F009D88A6 /* Roboto-Thin.ttf in Resources */ = {isa = PBXBuildFile; fileRef = 18936EEA18E7D46F009D88A6 /* Roboto-Thin.ttf */; };
		18936EEF18E7F058009D88A6 /* BarcodeSavedView.xib in Resources */ = {isa = PBXBuildFile; fileRef = 18936EEE18E7F058009D88A6 /* BarcodeSavedView.xib */; };
		18936EF218E7F14A009D88A6 /* BarcodeSavedView.m in Sources */ = {isa = PBXBuildFile; fileRef = 18936EF118E7F14A009D88A6 /* BarcodeSavedView.m */; };
		18936EF618E7FE62009D88A6 /* PMTimeManager.m in Sources */ = {isa = PBXBuildFile; fileRef = 18936EF518E7FE62009D88A6 /* PMTimeManager.m */; };
		18936EF918E80F5C009D88A6 /* NSString+EngToRu.m in Sources */ = {isa = PBXBuildFile; fileRef = 18936EF818E80F5C009D88A6 /* NSString+EngToRu.m */; };
		18936EFB18E81B89009D88A6 /* active_logo@2x.png in Resources */ = {isa = PBXBuildFile; fileRef = 18936EFA18E81B89009D88A6 /* active_logo@2x.png */; };
		18936F0518E85AF5009D88A6 /* result_background.png in Resources */ = {isa = PBXBuildFile; fileRef = 18936F0418E85AF5009D88A6 /* result_background.png */; };
		18936F0A18E85BB6009D88A6 /* close_btn_large@2x.png in Resources */ = {isa = PBXBuildFile; fileRef = 18936F0618E85BB6009D88A6 /* close_btn_large@2x.png */; };
		18936F0B18E85BB6009D88A6 /* close_btn_short@2x.png in Resources */ = {isa = PBXBuildFile; fileRef = 18936F0718E85BB6009D88A6 /* close_btn_short@2x.png */; };
		18936F0C18E85BB6009D88A6 /* save_btn_large@2x.png in Resources */ = {isa = PBXBuildFile; fileRef = 18936F0818E85BB6009D88A6 /* save_btn_large@2x.png */; };
		18936F0D18E85BB6009D88A6 /* save_btn_short@2x.png in Resources */ = {isa = PBXBuildFile; fileRef = 18936F0918E85BB6009D88A6 /* save_btn_short@2x.png */; };
		18936F1118E86C64009D88A6 /* PMMailManager.m in Sources */ = {isa = PBXBuildFile; fileRef = 18936F1018E86C64009D88A6 /* PMMailManager.m */; };
		18936F1D18E8B0B4009D88A6 /* MRLogoListViewController.m in Sources */ = {isa = PBXBuildFile; fileRef = 18936F1B18E8B0B4009D88A6 /* MRLogoListViewController.m */; };
		18936F1E18E8B0B4009D88A6 /* MRLogoListViewController.xib in Resources */ = {isa = PBXBuildFile; fileRef = 18936F1C18E8B0B4009D88A6 /* MRLogoListViewController.xib */; };
		18936F2918E8B37A009D88A6 /* logo1.png in Resources */ = {isa = PBXBuildFile; fileRef = 18936F2318E8B37A009D88A6 /* logo1.png */; };
		18936F2A18E8B37A009D88A6 /* logo1@2x.png in Resources */ = {isa = PBXBuildFile; fileRef = 18936F2418E8B37A009D88A6 /* logo1@2x.png */; };
		18936F2B18E8B37A009D88A6 /* logo2.png in Resources */ = {isa = PBXBuildFile; fileRef = 18936F2518E8B37A009D88A6 /* logo2.png */; };
		18936F2C18E8B37A009D88A6 /* logo2@2x.png in Resources */ = {isa = PBXBuildFile; fileRef = 18936F2618E8B37A009D88A6 /* logo2@2x.png */; };
		18936F2D18E8B37A009D88A6 /* logo3.png in Resources */ = {isa = PBXBuildFile; fileRef = 18936F2718E8B37A009D88A6 /* logo3.png */; };
		18936F2E18E8B37A009D88A6 /* logo3@2x.png in Resources */ = {isa = PBXBuildFile; fileRef = 18936F2818E8B37A009D88A6 /* logo3@2x.png */; };
		18936F3118E8CA9F009D88A6 /* LogoSavedView.m in Sources */ = {isa = PBXBuildFile; fileRef = 18936F3018E8CA9F009D88A6 /* LogoSavedView.m */; };
		18936F3318E8CAB1009D88A6 /* LogoSavedView.xib in Resources */ = {isa = PBXBuildFile; fileRef = 18936F3218E8CAB1009D88A6 /* LogoSavedView.xib */; };
		18936F3C18E971A3009D88A6 /* RippleModel.m in Sources */ = {isa = PBXBuildFile; fileRef = 18936F3618E971A3009D88A6 /* RippleModel.m */; };
		18936F3D18E971A3009D88A6 /* RippleViewController.m in Sources */ = {isa = PBXBuildFile; fileRef = 18936F3818E971A3009D88A6 /* RippleViewController.m */; };
		18936F3E18E971A3009D88A6 /* RippleShader.fsh in Resources */ = {isa = PBXBuildFile; fileRef = 18936F3A18E971A3009D88A6 /* RippleShader.fsh */; };
		18936F3F18E971A3009D88A6 /* RippleShader.vsh in Resources */ = {isa = PBXBuildFile; fileRef = 18936F3B18E971A3009D88A6 /* RippleShader.vsh */; };
		18936F4318E975F8009D88A6 /* background2.png in Resources */ = {isa = PBXBuildFile; fileRef = 18936F4218E975F8009D88A6 /* background2.png */; };
		18936F5518EAB23B009D88A6 /* MRSettingsViewController.m in Sources */ = {isa = PBXBuildFile; fileRef = 18936F5318EAB23B009D88A6 /* MRSettingsViewController.m */; };
		18936F5618EAB23B009D88A6 /* MRSettingsViewController.xib in Resources */ = {isa = PBXBuildFile; fileRef = 18936F5418EAB23B009D88A6 /* MRSettingsViewController.xib */; };
		18936F7018EAE0CD009D88A6 /* active_barcode-disable@2x.png in Resources */ = {isa = PBXBuildFile; fileRef = 18936F6818EAE0CD009D88A6 /* active_barcode-disable@2x.png */; };
		18936F7118EAE0CD009D88A6 /* active_logo-disable@2x.png in Resources */ = {isa = PBXBuildFile; fileRef = 18936F6918EAE0CD009D88A6 /* active_logo-disable@2x.png */; };
		18936F7218EAE0CD009D88A6 /* active_print-disable@2x.png in Resources */ = {isa = PBXBuildFile; fileRef = 18936F6A18EAE0CD009D88A6 /* active_print-disable@2x.png */; };
		18936F7318EAE0CD009D88A6 /* active_stamp-disable@2x.png in Resources */ = {isa = PBXBuildFile; fileRef = 18936F6B18EAE0CD009D88A6 /* active_stamp-disable@2x.png */; };
		18936F7418EAE0CD009D88A6 /* exit@2x.png in Resources */ = {isa = PBXBuildFile; fileRef = 18936F6C18EAE0CD009D88A6 /* exit@2x.png */; };
		18936F7518EAE0CD009D88A6 /* exit2.png in Resources */ = {isa = PBXBuildFile; fileRef = 18936F6D18EAE0CD009D88A6 /* exit2.png */; };
		18936F7618EAE0CD009D88A6 /* settings-close-small@2x.png in Resources */ = {isa = PBXBuildFile; fileRef = 18936F6E18EAE0CD009D88A6 /* settings-close-small@2x.png */; };
		18936F7718EAE0CD009D88A6 /* settings@2x.png in Resources */ = {isa = PBXBuildFile; fileRef = 18936F6F18EAE0CD009D88A6 /* settings@2x.png */; };
		18936F7918EAE34D009D88A6 /* keyboard_backspace@2x.png in Resources */ = {isa = PBXBuildFile; fileRef = 18936F7818EAE34C009D88A6 /* keyboard_backspace@2x.png */; };
		18ADB6FB18EBFF560092AF6A /* UIImage+LogoImage.m in Sources */ = {isa = PBXBuildFile; fileRef = 18ADB6FA18EBFF560092AF6A /* UIImage+LogoImage.m */; };
		18ADB70318EC459B0092AF6A /* icon_100x100.png in Resources */ = {isa = PBXBuildFile; fileRef = 18ADB6FD18EC459B0092AF6A /* icon_100x100.png */; };
		18ADB70418EC459B0092AF6A /* icon_1024x1024.png in Resources */ = {isa = PBXBuildFile; fileRef = 18ADB6FE18EC459B0092AF6A /* icon_1024x1024.png */; };
		18ADB70518EC459B0092AF6A /* icon_144x144.png in Resources */ = {isa = PBXBuildFile; fileRef = 18ADB6FF18EC459B0092AF6A /* icon_144x144.png */; };
		18ADB70618EC459B0092AF6A /* icon_152x152.png in Resources */ = {isa = PBXBuildFile; fileRef = 18ADB70018EC459B0092AF6A /* icon_152x152.png */; };
		18ADB70718EC459B0092AF6A /* icon_72x72.png in Resources */ = {isa = PBXBuildFile; fileRef = 18ADB70118EC459B0092AF6A /* icon_72x72.png */; };
		18ADB70818EC459B0092AF6A /* icon_76x76.png in Resources */ = {isa = PBXBuildFile; fileRef = 18ADB70218EC459B0092AF6A /* icon_76x76.png */; };
		F41CC02866F74B3182FA8265 /* libPods.a in Frameworks */ = {isa = PBXBuildFile; fileRef = C445D8750A3F4388AC0A572B /* libPods.a */; };
/* End PBXBuildFile section */

/* Begin PBXContainerItemProxy section */
		18936E5018E3F216009D88A6 /* PBXContainerItemProxy */ = {
			isa = PBXContainerItemProxy;
			containerPortal = 18936E2218E3F215009D88A6 /* Project object */;
			proxyType = 1;
			remoteGlobalIDString = 18936E2918E3F215009D88A6;
			remoteInfo = MarlboroApp;
		};
/* End PBXContainerItemProxy section */

/* Begin PBXFileReference section */
		1832324F18F03310004DC7BC /* Base64Transcoder.h */ = {isa = PBXFileReference; fileEncoding = 4; lastKnownFileType = sourcecode.c.h; path = Base64Transcoder.h; sourceTree = "<group>"; };
		1832325018F03310004DC7BC /* Base64Transcoder.m */ = {isa = PBXFileReference; fileEncoding = 4; lastKnownFileType = sourcecode.c.objc; path = Base64Transcoder.m; sourceTree = "<group>"; };
		1832325118F03310004DC7BC /* HSK_CFUtilities.h */ = {isa = PBXFileReference; fileEncoding = 4; lastKnownFileType = sourcecode.c.h; path = HSK_CFUtilities.h; sourceTree = "<group>"; };
		1832325218F03310004DC7BC /* HSK_CFUtilities.m */ = {isa = PBXFileReference; fileEncoding = 4; lastKnownFileType = sourcecode.c.objc; path = HSK_CFUtilities.m; sourceTree = "<group>"; };
		1832325318F03310004DC7BC /* NSData+Base64Additions.h */ = {isa = PBXFileReference; fileEncoding = 4; lastKnownFileType = sourcecode.c.h; path = "NSData+Base64Additions.h"; sourceTree = "<group>"; };
		1832325418F03310004DC7BC /* NSData+Base64Additions.m */ = {isa = PBXFileReference; fileEncoding = 4; lastKnownFileType = sourcecode.c.objc; path = "NSData+Base64Additions.m"; sourceTree = "<group>"; };
		1832325518F03310004DC7BC /* NSStream+SKPSMTPExtensions.h */ = {isa = PBXFileReference; fileEncoding = 4; lastKnownFileType = sourcecode.c.h; path = "NSStream+SKPSMTPExtensions.h"; sourceTree = "<group>"; };
		1832325618F03310004DC7BC /* NSStream+SKPSMTPExtensions.m */ = {isa = PBXFileReference; fileEncoding = 4; lastKnownFileType = sourcecode.c.objc; path = "NSStream+SKPSMTPExtensions.m"; sourceTree = "<group>"; };
		1832325718F03310004DC7BC /* SKPSMTPMessage.h */ = {isa = PBXFileReference; fileEncoding = 4; lastKnownFileType = sourcecode.c.h; path = SKPSMTPMessage.h; sourceTree = "<group>"; };
		1832325818F03310004DC7BC /* SKPSMTPMessage.m */ = {isa = PBXFileReference; fileEncoding = 4; lastKnownFileType = sourcecode.c.objc; path = SKPSMTPMessage.m; sourceTree = "<group>"; };
		1832325E18F03FC1004DC7BC /* CFNetwork.framework */ = {isa = PBXFileReference; lastKnownFileType = wrapper.framework; name = CFNetwork.framework; path = System/Library/Frameworks/CFNetwork.framework; sourceTree = SDKROOT; };
		184CDF8F18FD0E8900350402 /* MRGameViewController.h */ = {isa = PBXFileReference; fileEncoding = 4; lastKnownFileType = sourcecode.c.h; path = MRGameViewController.h; sourceTree = "<group>"; };
		184CDF9018FD0E8900350402 /* MRGameViewController.m */ = {isa = PBXFileReference; fileEncoding = 4; lastKnownFileType = sourcecode.c.objc; path = MRGameViewController.m; sourceTree = "<group>"; };
		184CDF9118FD0E8900350402 /* MRGameViewController.xib */ = {isa = PBXFileReference; fileEncoding = 4; lastKnownFileType = file.xib; path = MRGameViewController.xib; sourceTree = "<group>"; };
		184CDF9518FD5C2B00350402 /* bullion_bottom_germany@2x.png */ = {isa = PBXFileReference; lastKnownFileType = image.png; path = "bullion_bottom_germany@2x.png"; sourceTree = "<group>"; };
		184CDF9618FD5C2B00350402 /* bullion_bottom_russia@2x.png */ = {isa = PBXFileReference; lastKnownFileType = image.png; path = "bullion_bottom_russia@2x.png"; sourceTree = "<group>"; };
		184CDF9718FD5C2B00350402 /* bullion_bottom_usa@2x.png */ = {isa = PBXFileReference; lastKnownFileType = image.png; path = "bullion_bottom_usa@2x.png"; sourceTree = "<group>"; };
		184CDF9818FD5C2B00350402 /* bullion_top_barcode_center@2x.png */ = {isa = PBXFileReference; lastKnownFileType = image.png; path = "bullion_top_barcode_center@2x.png"; sourceTree = "<group>"; };
		184CDF9918FD5C2B00350402 /* bullion_top_barcode_left@2x.png */ = {isa = PBXFileReference; lastKnownFileType = image.png; path = "bullion_top_barcode_left@2x.png"; sourceTree = "<group>"; };
		184CDF9A18FD5C2B00350402 /* bullion_top_barcode_right@2x.png */ = {isa = PBXFileReference; lastKnownFileType = image.png; path = "bullion_top_barcode_right@2x.png"; sourceTree = "<group>"; };
		184CDF9B18FD5C2B00350402 /* bullion_top_logo_center@2x.png */ = {isa = PBXFileReference; lastKnownFileType = image.png; path = "bullion_top_logo_center@2x.png"; sourceTree = "<group>"; };
		184CDF9C18FD5C2B00350402 /* bullion_top_logo_left@2x.png */ = {isa = PBXFileReference; lastKnownFileType = image.png; path = "bullion_top_logo_left@2x.png"; sourceTree = "<group>"; };
		184CDF9D18FD5C2B00350402 /* bullion_top_logo_right@2x.png */ = {isa = PBXFileReference; lastKnownFileType = image.png; path = "bullion_top_logo_right@2x.png"; sourceTree = "<group>"; };
		186661F318FE85E7003552ED /* MRStampRootViewController.h */ = {isa = PBXFileReference; fileEncoding = 4; lastKnownFileType = sourcecode.c.h; path = MRStampRootViewController.h; sourceTree = "<group>"; };
		186661F418FE85E7003552ED /* MRStampRootViewController.m */ = {isa = PBXFileReference; fileEncoding = 4; lastKnownFileType = sourcecode.c.objc; path = MRStampRootViewController.m; sourceTree = "<group>"; };
		186661F518FE85E7003552ED /* MRStampRootViewController.xib */ = {isa = PBXFileReference; fileEncoding = 4; lastKnownFileType = file.xib; path = MRStampRootViewController.xib; sourceTree = "<group>"; };
		186661FA18FE8B43003552ED /* cut.png */ = {isa = PBXFileReference; lastKnownFileType = image.png; path = cut.png; sourceTree = "<group>"; };
		186661FB18FE8B43003552ED /* main.png */ = {isa = PBXFileReference; lastKnownFileType = image.png; path = main.png; sourceTree = "<group>"; };
		186661FC18FE8B43003552ED /* photo.png */ = {isa = PBXFileReference; lastKnownFileType = image.png; path = photo.png; sourceTree = "<group>"; };
		186661FD18FE8B43003552ED /* result.png */ = {isa = PBXFileReference; lastKnownFileType = image.png; path = result.png; sourceTree = "<group>"; };
		1866620318FE8B89003552ED /* ALRadialButton.h */ = {isa = PBXFileReference; fileEncoding = 4; lastKnownFileType = sourcecode.c.h; path = ALRadialButton.h; sourceTree = "<group>"; };
		1866620418FE8B89003552ED /* ALRadialButton.m */ = {isa = PBXFileReference; fileEncoding = 4; lastKnownFileType = sourcecode.c.objc; path = ALRadialButton.m; sourceTree = "<group>"; };
		1866620518FE8B89003552ED /* ALRadialMenu.h */ = {isa = PBXFileReference; fileEncoding = 4; lastKnownFileType = sourcecode.c.h; path = ALRadialMenu.h; sourceTree = "<group>"; };
		1866620618FE8B89003552ED /* ALRadialMenu.m */ = {isa = PBXFileReference; fileEncoding = 4; lastKnownFileType = sourcecode.c.objc; path = ALRadialMenu.m; sourceTree = "<group>"; };
		1866620A18FE9C04003552ED /* MRPhotoViewController.h */ = {isa = PBXFileReference; fileEncoding = 4; lastKnownFileType = sourcecode.c.h; path = MRPhotoViewController.h; sourceTree = "<group>"; };
		1866620B18FE9C04003552ED /* MRPhotoViewController.m */ = {isa = PBXFileReference; fileEncoding = 4; lastKnownFileType = sourcecode.c.objc; path = MRPhotoViewController.m; sourceTree = "<group>"; };
		1866620C18FE9C04003552ED /* MRPhotoViewController.xib */ = {isa = PBXFileReference; fileEncoding = 4; lastKnownFileType = file.xib; path = MRPhotoViewController.xib; sourceTree = "<group>"; };
		1866621018FEC431003552ED /* siluet-photo-make@2x.png */ = {isa = PBXFileReference; lastKnownFileType = image.png; path = "siluet-photo-make@2x.png"; sourceTree = "<group>"; };
		1866621318FEDCC7003552ED /* MRImageBlockView.h */ = {isa = PBXFileReference; fileEncoding = 4; lastKnownFileType = sourcecode.c.h; path = MRImageBlockView.h; sourceTree = "<group>"; };
		1866621418FEDCC7003552ED /* MRImageBlockView.m */ = {isa = PBXFileReference; fileEncoding = 4; lastKnownFileType = sourcecode.c.objc; path = MRImageBlockView.m; sourceTree = "<group>"; };
		1866621618FEE1BE003552ED /* person.jpg */ = {isa = PBXFileReference; lastKnownFileType = image.jpeg; path = person.jpg; sourceTree = "<group>"; };
		18936E2A18E3F215009D88A6 /* M.GO.Design.app */ = {isa = PBXFileReference; explicitFileType = wrapper.application; includeInIndex = 0; path = M.GO.Design.app; sourceTree = BUILT_PRODUCTS_DIR; };
		18936E2D18E3F215009D88A6 /* Foundation.framework */ = {isa = PBXFileReference; lastKnownFileType = wrapper.framework; name = Foundation.framework; path = System/Library/Frameworks/Foundation.framework; sourceTree = SDKROOT; };
		18936E2F18E3F215009D88A6 /* CoreGraphics.framework */ = {isa = PBXFileReference; lastKnownFileType = wrapper.framework; name = CoreGraphics.framework; path = System/Library/Frameworks/CoreGraphics.framework; sourceTree = SDKROOT; };
		18936E3118E3F215009D88A6 /* UIKit.framework */ = {isa = PBXFileReference; lastKnownFileType = wrapper.framework; name = UIKit.framework; path = System/Library/Frameworks/UIKit.framework; sourceTree = SDKROOT; };
		18936E3318E3F215009D88A6 /* CoreData.framework */ = {isa = PBXFileReference; lastKnownFileType = wrapper.framework; name = CoreData.framework; path = System/Library/Frameworks/CoreData.framework; sourceTree = SDKROOT; };
		18936E3718E3F216009D88A6 /* MarlboroApp-Info.plist */ = {isa = PBXFileReference; lastKnownFileType = text.plist.xml; path = "MarlboroApp-Info.plist"; sourceTree = "<group>"; };
		18936E3918E3F216009D88A6 /* en */ = {isa = PBXFileReference; lastKnownFileType = text.plist.strings; name = en; path = en.lproj/InfoPlist.strings; sourceTree = "<group>"; };
		18936E3B18E3F216009D88A6 /* main.m */ = {isa = PBXFileReference; lastKnownFileType = sourcecode.c.objc; path = main.m; sourceTree = "<group>"; };
		18936E3D18E3F216009D88A6 /* MarlboroApp-Prefix.pch */ = {isa = PBXFileReference; lastKnownFileType = sourcecode.c.h; path = "MarlboroApp-Prefix.pch"; sourceTree = "<group>"; };
		18936E4218E3F216009D88A6 /* MarlboroApp.xcdatamodel */ = {isa = PBXFileReference; lastKnownFileType = wrapper.xcdatamodel; path = MarlboroApp.xcdatamodel; sourceTree = "<group>"; };
		18936E4418E3F216009D88A6 /* Images.xcassets */ = {isa = PBXFileReference; lastKnownFileType = folder.assetcatalog; path = Images.xcassets; sourceTree = "<group>"; };
		18936E4A18E3F216009D88A6 /* MarlboroAppTests.xctest */ = {isa = PBXFileReference; explicitFileType = wrapper.cfbundle; includeInIndex = 0; path = MarlboroAppTests.xctest; sourceTree = BUILT_PRODUCTS_DIR; };
		18936E4B18E3F216009D88A6 /* XCTest.framework */ = {isa = PBXFileReference; lastKnownFileType = wrapper.framework; name = XCTest.framework; path = Library/Frameworks/XCTest.framework; sourceTree = DEVELOPER_DIR; };
		18936E5418E3F216009D88A6 /* MarlboroAppTests-Info.plist */ = {isa = PBXFileReference; lastKnownFileType = text.plist.xml; path = "MarlboroAppTests-Info.plist"; sourceTree = "<group>"; };
		18936E5618E3F216009D88A6 /* en */ = {isa = PBXFileReference; lastKnownFileType = text.plist.strings; name = en; path = en.lproj/InfoPlist.strings; sourceTree = "<group>"; };
		18936E5818E3F216009D88A6 /* MarlboroAppTests.m */ = {isa = PBXFileReference; lastKnownFileType = sourcecode.c.objc; path = MarlboroAppTests.m; sourceTree = "<group>"; };
		18936E6418E3FBC6009D88A6 /* Global.h */ = {isa = PBXFileReference; fileEncoding = 4; lastKnownFileType = sourcecode.c.h; path = Global.h; sourceTree = "<group>"; };
		18936E6718E3FD52009D88A6 /* MRAppDelegate.h */ = {isa = PBXFileReference; fileEncoding = 4; lastKnownFileType = sourcecode.c.h; path = MRAppDelegate.h; sourceTree = "<group>"; };
		18936E6818E3FD52009D88A6 /* MRAppDelegate.m */ = {isa = PBXFileReference; fileEncoding = 4; lastKnownFileType = sourcecode.c.objc; path = MRAppDelegate.m; sourceTree = "<group>"; };
		18936E6E18E3FEBB009D88A6 /* background.png */ = {isa = PBXFileReference; lastKnownFileType = image.png; path = background.png; sourceTree = "<group>"; };
		18936E7718E40637009D88A6 /* MRRootViewController.h */ = {isa = PBXFileReference; fileEncoding = 4; lastKnownFileType = sourcecode.c.h; path = MRRootViewController.h; sourceTree = "<group>"; };
		18936E7818E40637009D88A6 /* MRRootViewController.m */ = {isa = PBXFileReference; fileEncoding = 4; lastKnownFileType = sourcecode.c.objc; path = MRRootViewController.m; sourceTree = "<group>"; };
		18936E7918E40637009D88A6 /* MRRootViewController.xib */ = {isa = PBXFileReference; fileEncoding = 4; lastKnownFileType = file.xib; path = MRRootViewController.xib; sourceTree = "<group>"; };
		18936E7D18E4064F009D88A6 /* MRRootMenuViewController.h */ = {isa = PBXFileReference; fileEncoding = 4; lastKnownFileType = sourcecode.c.h; path = MRRootMenuViewController.h; sourceTree = "<group>"; };
		18936E7E18E4064F009D88A6 /* MRRootMenuViewController.m */ = {isa = PBXFileReference; fileEncoding = 4; lastKnownFileType = sourcecode.c.objc; path = MRRootMenuViewController.m; sourceTree = "<group>"; };
		18936E7F18E4064F009D88A6 /* MRRootMenuViewController.xib */ = {isa = PBXFileReference; fileEncoding = 4; lastKnownFileType = file.xib; path = MRRootMenuViewController.xib; sourceTree = "<group>"; };
		18936E8318E40B32009D88A6 /* opti-agency-gothic.ttf */ = {isa = PBXFileReference; lastKnownFileType = file; path = "opti-agency-gothic.ttf"; sourceTree = "<group>"; };
		18936E8518E40CEF009D88A6 /* MRParentViewController.h */ = {isa = PBXFileReference; fileEncoding = 4; lastKnownFileType = sourcecode.c.h; name = MRParentViewController.h; path = ../RootMenuController/MRParentViewController.h; sourceTree = "<group>"; };
		18936E8618E40CEF009D88A6 /* MRParentViewController.m */ = {isa = PBXFileReference; fileEncoding = 4; lastKnownFileType = sourcecode.c.objc; name = MRParentViewController.m; path = ../RootMenuController/MRParentViewController.m; sourceTree = "<group>"; };
		18936E8818E410B6009D88A6 /* MyriadPro-Cond.otf */ = {isa = PBXFileReference; lastKnownFileType = file; path = "MyriadPro-Cond.otf"; sourceTree = "<group>"; };
		18936E8B18E412DB009D88A6 /* active_barcode@2x.png */ = {isa = PBXFileReference; lastKnownFileType = image.png; path = "active_barcode@2x.png"; sourceTree = "<group>"; };
		18936E8D18E412DB009D88A6 /* active_print@2x.png */ = {isa = PBXFileReference; lastKnownFileType = image.png; path = "active_print@2x.png"; sourceTree = "<group>"; };
		18936E8E18E412DB009D88A6 /* active_stamp@2x.png */ = {isa = PBXFileReference; lastKnownFileType = image.png; path = "active_stamp@2x.png"; sourceTree = "<group>"; };
		18936E9518E42C0D009D88A6 /* PMActivationView.h */ = {isa = PBXFileReference; fileEncoding = 4; lastKnownFileType = sourcecode.c.h; path = PMActivationView.h; sourceTree = "<group>"; };
		18936E9618E42C0D009D88A6 /* PMActivationView.m */ = {isa = PBXFileReference; fileEncoding = 4; lastKnownFileType = sourcecode.c.objc; path = PMActivationView.m; sourceTree = "<group>"; };
		18936E9818E42E0B009D88A6 /* UIView+GestureBlocks.h */ = {isa = PBXFileReference; fileEncoding = 4; lastKnownFileType = sourcecode.c.h; path = "UIView+GestureBlocks.h"; sourceTree = "<group>"; };
		18936E9918E42E0B009D88A6 /* UIView+GestureBlocks.m */ = {isa = PBXFileReference; fileEncoding = 4; lastKnownFileType = sourcecode.c.objc; path = "UIView+GestureBlocks.m"; sourceTree = "<group>"; };
		18936E9F18E5318B009D88A6 /* MRRegistrationViewController.h */ = {isa = PBXFileReference; fileEncoding = 4; lastKnownFileType = sourcecode.c.h; path = MRRegistrationViewController.h; sourceTree = "<group>"; };
		18936EA018E5318B009D88A6 /* MRRegistrationViewController.m */ = {isa = PBXFileReference; fileEncoding = 4; lastKnownFileType = sourcecode.c.objc; path = MRRegistrationViewController.m; sourceTree = "<group>"; };
		18936EA118E5318B009D88A6 /* MRRegistrationViewController.xib */ = {isa = PBXFileReference; fileEncoding = 4; lastKnownFileType = file.xib; path = MRRegistrationViewController.xib; sourceTree = "<group>"; };
		18936EA518E531E6009D88A6 /* MRRegistrationItemView.h */ = {isa = PBXFileReference; fileEncoding = 4; lastKnownFileType = sourcecode.c.h; path = MRRegistrationItemView.h; sourceTree = "<group>"; };
		18936EA618E531E6009D88A6 /* MRRegistrationItemView.m */ = {isa = PBXFileReference; fileEncoding = 4; lastKnownFileType = sourcecode.c.objc; path = MRRegistrationItemView.m; sourceTree = "<group>"; };
		18936EAB18E53D38009D88A6 /* field_background@2x.png */ = {isa = PBXFileReference; lastKnownFileType = image.png; path = "field_background@2x.png"; sourceTree = "<group>"; };
		18936EB118E583BC009D88A6 /* MRChooserViewController.h */ = {isa = PBXFileReference; fileEncoding = 4; lastKnownFileType = sourcecode.c.h; path = MRChooserViewController.h; sourceTree = "<group>"; };
		18936EB218E583BC009D88A6 /* MRChooserViewController.m */ = {isa = PBXFileReference; fileEncoding = 4; lastKnownFileType = sourcecode.c.objc; path = MRChooserViewController.m; sourceTree = "<group>"; };
		18936EB318E583BC009D88A6 /* MRChooserViewController.xib */ = {isa = PBXFileReference; fileEncoding = 4; lastKnownFileType = file.xib; path = MRChooserViewController.xib; sourceTree = "<group>"; };
		18936EB718E589AD009D88A6 /* MRCheckItem.h */ = {isa = PBXFileReference; fileEncoding = 4; lastKnownFileType = sourcecode.c.h; path = MRCheckItem.h; sourceTree = "<group>"; };
		18936EB818E589AD009D88A6 /* MRCheckItem.m */ = {isa = PBXFileReference; fileEncoding = 4; lastKnownFileType = sourcecode.c.objc; path = MRCheckItem.m; sourceTree = "<group>"; };
		18936EBB18E68693009D88A6 /* check@2x.png */ = {isa = PBXFileReference; lastKnownFileType = image.png; path = "check@2x.png"; sourceTree = "<group>"; };
		18936EBC18E68693009D88A6 /* check_frame@2x.png */ = {isa = PBXFileReference; lastKnownFileType = image.png; path = "check_frame@2x.png"; sourceTree = "<group>"; };
		18936EC218E6C372009D88A6 /* keyboard_button@2x.png */ = {isa = PBXFileReference; lastKnownFileType = image.png; path = "keyboard_button@2x.png"; sourceTree = "<group>"; };
		18936EC318E6C372009D88A6 /* keyboard_delete@2x.png */ = {isa = PBXFileReference; lastKnownFileType = image.png; path = "keyboard_delete@2x.png"; sourceTree = "<group>"; };
		18936EC418E6C372009D88A6 /* keyboard_ru_eng@2x.png */ = {isa = PBXFileReference; lastKnownFileType = image.png; path = "keyboard_ru_eng@2x.png"; sourceTree = "<group>"; };
		18936EC518E6C372009D88A6 /* keyboard_space@2x.png */ = {isa = PBXFileReference; lastKnownFileType = image.png; path = "keyboard_space@2x.png"; sourceTree = "<group>"; };
		18936ECB18E6C3BD009D88A6 /* PMCustomKeyboard.h */ = {isa = PBXFileReference; fileEncoding = 4; lastKnownFileType = sourcecode.c.h; path = PMCustomKeyboard.h; sourceTree = "<group>"; };
		18936ECC18E6C3BD009D88A6 /* PMCustomKeyboard.m */ = {isa = PBXFileReference; fileEncoding = 4; lastKnownFileType = sourcecode.c.objc; path = PMCustomKeyboard.m; sourceTree = "<group>"; };
		18936ECD18E6C3BD009D88A6 /* PMCustomKeyboard.xib */ = {isa = PBXFileReference; fileEncoding = 4; lastKnownFileType = file.xib; path = PMCustomKeyboard.xib; sourceTree = "<group>"; };
		18936ED118E6EA91009D88A6 /* back@2x.png */ = {isa = PBXFileReference; lastKnownFileType = image.png; path = "back@2x.png"; sourceTree = "<group>"; };
		18936ED518E75EA7009D88A6 /* continue_button@2x.png */ = {isa = PBXFileReference; lastKnownFileType = image.png; path = "continue_button@2x.png"; sourceTree = "<group>"; };
		18936ED818E76EF4009D88A6 /* MRBarcodeListViewController.h */ = {isa = PBXFileReference; fileEncoding = 4; lastKnownFileType = sourcecode.c.h; path = MRBarcodeListViewController.h; sourceTree = "<group>"; };
		18936ED918E76EF4009D88A6 /* MRBarcodeListViewController.m */ = {isa = PBXFileReference; fileEncoding = 4; lastKnownFileType = sourcecode.c.objc; path = MRBarcodeListViewController.m; sourceTree = "<group>"; };
		18936EDA18E76EF4009D88A6 /* MRBarcodeListViewController.xib */ = {isa = PBXFileReference; fileEncoding = 4; lastKnownFileType = file.xib; path = MRBarcodeListViewController.xib; sourceTree = "<group>"; };
		18936EDE18E770EE009D88A6 /* UIImage+BarcodeImage.h */ = {isa = PBXFileReference; fileEncoding = 4; lastKnownFileType = sourcecode.c.h; path = "UIImage+BarcodeImage.h"; sourceTree = "<group>"; };
		18936EDF18E770EE009D88A6 /* UIImage+BarcodeImage.m */ = {isa = PBXFileReference; fileEncoding = 4; lastKnownFileType = sourcecode.c.objc; path = "UIImage+BarcodeImage.m"; sourceTree = "<group>"; };
		18936EE218E774BB009D88A6 /* MRDataManager.h */ = {isa = PBXFileReference; fileEncoding = 4; lastKnownFileType = sourcecode.c.h; path = MRDataManager.h; sourceTree = "<group>"; };
		18936EE318E774BB009D88A6 /* MRDataManager.m */ = {isa = PBXFileReference; fileEncoding = 4; lastKnownFileType = sourcecode.c.objc; path = MRDataManager.m; sourceTree = "<group>"; };
		18936EE618E7D215009D88A6 /* texture.png */ = {isa = PBXFileReference; lastKnownFileType = image.png; path = texture.png; sourceTree = "<group>"; };
		18936EE818E7D46F009D88A6 /* FuturaDemiC.ttf */ = {isa = PBXFileReference; lastKnownFileType = file; path = FuturaDemiC.ttf; sourceTree = "<group>"; };
		18936EE918E7D46F009D88A6 /* PFAgoraSlabPro-Black.ttf */ = {isa = PBXFileReference; lastKnownFileType = file; path = "PFAgoraSlabPro-Black.ttf"; sourceTree = "<group>"; };
		18936EEA18E7D46F009D88A6 /* Roboto-Thin.ttf */ = {isa = PBXFileReference; lastKnownFileType = file; path = "Roboto-Thin.ttf"; sourceTree = "<group>"; };
		18936EEE18E7F058009D88A6 /* BarcodeSavedView.xib */ = {isa = PBXFileReference; fileEncoding = 4; lastKnownFileType = file.xib; path = BarcodeSavedView.xib; sourceTree = "<group>"; };
		18936EF018E7F14A009D88A6 /* BarcodeSavedView.h */ = {isa = PBXFileReference; fileEncoding = 4; lastKnownFileType = sourcecode.c.h; path = BarcodeSavedView.h; sourceTree = "<group>"; };
		18936EF118E7F14A009D88A6 /* BarcodeSavedView.m */ = {isa = PBXFileReference; fileEncoding = 4; lastKnownFileType = sourcecode.c.objc; path = BarcodeSavedView.m; sourceTree = "<group>"; };
		18936EF418E7FE62009D88A6 /* PMTimeManager.h */ = {isa = PBXFileReference; fileEncoding = 4; lastKnownFileType = sourcecode.c.h; path = PMTimeManager.h; sourceTree = "<group>"; };
		18936EF518E7FE62009D88A6 /* PMTimeManager.m */ = {isa = PBXFileReference; fileEncoding = 4; lastKnownFileType = sourcecode.c.objc; path = PMTimeManager.m; sourceTree = "<group>"; };
		18936EF718E80F5C009D88A6 /* NSString+EngToRu.h */ = {isa = PBXFileReference; fileEncoding = 4; lastKnownFileType = sourcecode.c.h; path = "NSString+EngToRu.h"; sourceTree = "<group>"; };
		18936EF818E80F5C009D88A6 /* NSString+EngToRu.m */ = {isa = PBXFileReference; fileEncoding = 4; lastKnownFileType = sourcecode.c.objc; path = "NSString+EngToRu.m"; sourceTree = "<group>"; };
		18936EFA18E81B89009D88A6 /* active_logo@2x.png */ = {isa = PBXFileReference; lastKnownFileType = image.png; path = "active_logo@2x.png"; sourceTree = "<group>"; };
		18936F0418E85AF5009D88A6 /* result_background.png */ = {isa = PBXFileReference; lastKnownFileType = image.png; path = result_background.png; sourceTree = "<group>"; };
		18936F0618E85BB6009D88A6 /* close_btn_large@2x.png */ = {isa = PBXFileReference; lastKnownFileType = image.png; path = "close_btn_large@2x.png"; sourceTree = "<group>"; };
		18936F0718E85BB6009D88A6 /* close_btn_short@2x.png */ = {isa = PBXFileReference; lastKnownFileType = image.png; path = "close_btn_short@2x.png"; sourceTree = "<group>"; };
		18936F0818E85BB6009D88A6 /* save_btn_large@2x.png */ = {isa = PBXFileReference; lastKnownFileType = image.png; path = "save_btn_large@2x.png"; sourceTree = "<group>"; };
		18936F0918E85BB6009D88A6 /* save_btn_short@2x.png */ = {isa = PBXFileReference; lastKnownFileType = image.png; path = "save_btn_short@2x.png"; sourceTree = "<group>"; };
		18936F0F18E86C64009D88A6 /* PMMailManager.h */ = {isa = PBXFileReference; fileEncoding = 4; lastKnownFileType = sourcecode.c.h; path = PMMailManager.h; sourceTree = "<group>"; };
		18936F1018E86C64009D88A6 /* PMMailManager.m */ = {isa = PBXFileReference; fileEncoding = 4; lastKnownFileType = sourcecode.c.objc; path = PMMailManager.m; sourceTree = "<group>"; };
		18936F1A18E8B0B4009D88A6 /* MRLogoListViewController.h */ = {isa = PBXFileReference; fileEncoding = 4; lastKnownFileType = sourcecode.c.h; path = MRLogoListViewController.h; sourceTree = "<group>"; };
		18936F1B18E8B0B4009D88A6 /* MRLogoListViewController.m */ = {isa = PBXFileReference; fileEncoding = 4; lastKnownFileType = sourcecode.c.objc; path = MRLogoListViewController.m; sourceTree = "<group>"; };
		18936F1C18E8B0B4009D88A6 /* MRLogoListViewController.xib */ = {isa = PBXFileReference; fileEncoding = 4; lastKnownFileType = file.xib; path = MRLogoListViewController.xib; sourceTree = "<group>"; };
		18936F2018E8B353009D88A6 /* UIImage+LogoImage.h */ = {isa = PBXFileReference; fileEncoding = 4; lastKnownFileType = sourcecode.c.h; path = "UIImage+LogoImage.h"; sourceTree = "<group>"; };
		18936F2318E8B37A009D88A6 /* logo1.png */ = {isa = PBXFileReference; lastKnownFileType = image.png; path = logo1.png; sourceTree = "<group>"; };
		18936F2418E8B37A009D88A6 /* logo1@2x.png */ = {isa = PBXFileReference; lastKnownFileType = image.png; path = "logo1@2x.png"; sourceTree = "<group>"; };
		18936F2518E8B37A009D88A6 /* logo2.png */ = {isa = PBXFileReference; lastKnownFileType = image.png; path = logo2.png; sourceTree = "<group>"; };
		18936F2618E8B37A009D88A6 /* logo2@2x.png */ = {isa = PBXFileReference; lastKnownFileType = image.png; path = "logo2@2x.png"; sourceTree = "<group>"; };
		18936F2718E8B37A009D88A6 /* logo3.png */ = {isa = PBXFileReference; lastKnownFileType = image.png; path = logo3.png; sourceTree = "<group>"; };
		18936F2818E8B37A009D88A6 /* logo3@2x.png */ = {isa = PBXFileReference; lastKnownFileType = image.png; path = "logo3@2x.png"; sourceTree = "<group>"; };
		18936F2F18E8CA9F009D88A6 /* LogoSavedView.h */ = {isa = PBXFileReference; fileEncoding = 4; lastKnownFileType = sourcecode.c.h; path = LogoSavedView.h; sourceTree = "<group>"; };
		18936F3018E8CA9F009D88A6 /* LogoSavedView.m */ = {isa = PBXFileReference; fileEncoding = 4; lastKnownFileType = sourcecode.c.objc; path = LogoSavedView.m; sourceTree = "<group>"; };
		18936F3218E8CAB1009D88A6 /* LogoSavedView.xib */ = {isa = PBXFileReference; fileEncoding = 4; lastKnownFileType = file.xib; path = LogoSavedView.xib; sourceTree = "<group>"; };
		18936F3518E971A3009D88A6 /* RippleModel.h */ = {isa = PBXFileReference; fileEncoding = 4; lastKnownFileType = sourcecode.c.h; path = RippleModel.h; sourceTree = "<group>"; };
		18936F3618E971A3009D88A6 /* RippleModel.m */ = {isa = PBXFileReference; fileEncoding = 4; lastKnownFileType = sourcecode.c.objc; path = RippleModel.m; sourceTree = "<group>"; };
		18936F3718E971A3009D88A6 /* RippleViewController.h */ = {isa = PBXFileReference; fileEncoding = 4; lastKnownFileType = sourcecode.c.h; path = RippleViewController.h; sourceTree = "<group>"; };
		18936F3818E971A3009D88A6 /* RippleViewController.m */ = {isa = PBXFileReference; fileEncoding = 4; lastKnownFileType = sourcecode.c.objc; path = RippleViewController.m; sourceTree = "<group>"; };
		18936F3A18E971A3009D88A6 /* RippleShader.fsh */ = {isa = PBXFileReference; fileEncoding = 4; lastKnownFileType = sourcecode.glsl; path = RippleShader.fsh; sourceTree = "<group>"; };
		18936F3B18E971A3009D88A6 /* RippleShader.vsh */ = {isa = PBXFileReference; fileEncoding = 4; lastKnownFileType = sourcecode.glsl; path = RippleShader.vsh; sourceTree = "<group>"; };
		18936F4218E975F8009D88A6 /* background2.png */ = {isa = PBXFileReference; lastKnownFileType = image.png; path = background2.png; sourceTree = "<group>"; };
		18936F5218EAB23B009D88A6 /* MRSettingsViewController.h */ = {isa = PBXFileReference; fileEncoding = 4; lastKnownFileType = sourcecode.c.h; path = MRSettingsViewController.h; sourceTree = "<group>"; };
		18936F5318EAB23B009D88A6 /* MRSettingsViewController.m */ = {isa = PBXFileReference; fileEncoding = 4; lastKnownFileType = sourcecode.c.objc; path = MRSettingsViewController.m; sourceTree = "<group>"; };
		18936F5418EAB23B009D88A6 /* MRSettingsViewController.xib */ = {isa = PBXFileReference; fileEncoding = 4; lastKnownFileType = file.xib; path = MRSettingsViewController.xib; sourceTree = "<group>"; };
		18936F6818EAE0CD009D88A6 /* active_barcode-disable@2x.png */ = {isa = PBXFileReference; lastKnownFileType = image.png; path = "active_barcode-disable@2x.png"; sourceTree = "<group>"; };
		18936F6918EAE0CD009D88A6 /* active_logo-disable@2x.png */ = {isa = PBXFileReference; lastKnownFileType = image.png; path = "active_logo-disable@2x.png"; sourceTree = "<group>"; };
		18936F6A18EAE0CD009D88A6 /* active_print-disable@2x.png */ = {isa = PBXFileReference; lastKnownFileType = image.png; path = "active_print-disable@2x.png"; sourceTree = "<group>"; };
		18936F6B18EAE0CD009D88A6 /* active_stamp-disable@2x.png */ = {isa = PBXFileReference; lastKnownFileType = image.png; path = "active_stamp-disable@2x.png"; sourceTree = "<group>"; };
		18936F6C18EAE0CD009D88A6 /* exit@2x.png */ = {isa = PBXFileReference; lastKnownFileType = image.png; path = "exit@2x.png"; sourceTree = "<group>"; };
		18936F6D18EAE0CD009D88A6 /* exit2.png */ = {isa = PBXFileReference; lastKnownFileType = image.png; path = exit2.png; sourceTree = "<group>"; };
		18936F6E18EAE0CD009D88A6 /* settings-close-small@2x.png */ = {isa = PBXFileReference; lastKnownFileType = image.png; path = "settings-close-small@2x.png"; sourceTree = "<group>"; };
		18936F6F18EAE0CD009D88A6 /* settings@2x.png */ = {isa = PBXFileReference; lastKnownFileType = image.png; path = "settings@2x.png"; sourceTree = "<group>"; };
		18936F7818EAE34C009D88A6 /* keyboard_backspace@2x.png */ = {isa = PBXFileReference; lastKnownFileType = image.png; path = "keyboard_backspace@2x.png"; sourceTree = "<group>"; };
		18ADB6FA18EBFF560092AF6A /* UIImage+LogoImage.m */ = {isa = PBXFileReference; fileEncoding = 4; lastKnownFileType = sourcecode.c.objc; path = "UIImage+LogoImage.m"; sourceTree = "<group>"; };
		18ADB6FD18EC459B0092AF6A /* icon_100x100.png */ = {isa = PBXFileReference; lastKnownFileType = image.png; path = icon_100x100.png; sourceTree = "<group>"; };
		18ADB6FE18EC459B0092AF6A /* icon_1024x1024.png */ = {isa = PBXFileReference; lastKnownFileType = image.png; path = icon_1024x1024.png; sourceTree = "<group>"; };
		18ADB6FF18EC459B0092AF6A /* icon_144x144.png */ = {isa = PBXFileReference; lastKnownFileType = image.png; path = icon_144x144.png; sourceTree = "<group>"; };
		18ADB70018EC459B0092AF6A /* icon_152x152.png */ = {isa = PBXFileReference; lastKnownFileType = image.png; path = icon_152x152.png; sourceTree = "<group>"; };
		18ADB70118EC459B0092AF6A /* icon_72x72.png */ = {isa = PBXFileReference; lastKnownFileType = image.png; path = icon_72x72.png; sourceTree = "<group>"; };
		18ADB70218EC459B0092AF6A /* icon_76x76.png */ = {isa = PBXFileReference; lastKnownFileType = image.png; path = icon_76x76.png; sourceTree = "<group>"; };
		C445D8750A3F4388AC0A572B /* libPods.a */ = {isa = PBXFileReference; explicitFileType = archive.ar; includeInIndex = 0; path = libPods.a; sourceTree = BUILT_PRODUCTS_DIR; };
		C6EA91B96DAD4324A0FBC225 /* Pods.xcconfig */ = {isa = PBXFileReference; includeInIndex = 1; lastKnownFileType = text.xcconfig; name = Pods.xcconfig; path = Pods/Pods.xcconfig; sourceTree = "<group>"; };
/* End PBXFileReference section */

/* Begin PBXFrameworksBuildPhase section */
		18936E2718E3F215009D88A6 /* Frameworks */ = {
			isa = PBXFrameworksBuildPhase;
			buildActionMask = 2147483647;
			files = (
				1832325F18F03FC1004DC7BC /* CFNetwork.framework in Frameworks */,
				18936E3018E3F215009D88A6 /* CoreGraphics.framework in Frameworks */,
				18936E3418E3F215009D88A6 /* CoreData.framework in Frameworks */,
				18936E3218E3F215009D88A6 /* UIKit.framework in Frameworks */,
				18936E2E18E3F215009D88A6 /* Foundation.framework in Frameworks */,
				F41CC02866F74B3182FA8265 /* libPods.a in Frameworks */,
			);
			runOnlyForDeploymentPostprocessing = 0;
		};
		18936E4718E3F216009D88A6 /* Frameworks */ = {
			isa = PBXFrameworksBuildPhase;
			buildActionMask = 2147483647;
			files = (
				18936E4C18E3F216009D88A6 /* XCTest.framework in Frameworks */,
				18936E4F18E3F216009D88A6 /* CoreData.framework in Frameworks */,
				18936E4E18E3F216009D88A6 /* UIKit.framework in Frameworks */,
				18936E4D18E3F216009D88A6 /* Foundation.framework in Frameworks */,
			);
			runOnlyForDeploymentPostprocessing = 0;
		};
/* End PBXFrameworksBuildPhase section */

/* Begin PBXGroup section */
		1832324E18F03310004DC7BC /* SMTPLibrary */ = {
			isa = PBXGroup;
			children = (
				1832324F18F03310004DC7BC /* Base64Transcoder.h */,
				1832325018F03310004DC7BC /* Base64Transcoder.m */,
				1832325118F03310004DC7BC /* HSK_CFUtilities.h */,
				1832325218F03310004DC7BC /* HSK_CFUtilities.m */,
				1832325318F03310004DC7BC /* NSData+Base64Additions.h */,
				1832325418F03310004DC7BC /* NSData+Base64Additions.m */,
				1832325518F03310004DC7BC /* NSStream+SKPSMTPExtensions.h */,
				1832325618F03310004DC7BC /* NSStream+SKPSMTPExtensions.m */,
				1832325718F03310004DC7BC /* SKPSMTPMessage.h */,
				1832325818F03310004DC7BC /* SKPSMTPMessage.m */,
			);
			path = SMTPLibrary;
			sourceTree = "<group>";
		};
		184CDF8E18FD0E6F00350402 /* Game */ = {
			isa = PBXGroup;
			children = (
				184CDF8F18FD0E8900350402 /* MRGameViewController.h */,
				184CDF9018FD0E8900350402 /* MRGameViewController.m */,
				184CDF9118FD0E8900350402 /* MRGameViewController.xib */,
			);
			path = Game;
			sourceTree = "<group>";
		};
		184CDF9418FD5B4B00350402 /* Game */ = {
			isa = PBXGroup;
			children = (
				184CDF9518FD5C2B00350402 /* bullion_bottom_germany@2x.png */,
				184CDF9618FD5C2B00350402 /* bullion_bottom_russia@2x.png */,
				184CDF9718FD5C2B00350402 /* bullion_bottom_usa@2x.png */,
				184CDF9818FD5C2B00350402 /* bullion_top_barcode_center@2x.png */,
				184CDF9918FD5C2B00350402 /* bullion_top_barcode_left@2x.png */,
				184CDF9A18FD5C2B00350402 /* bullion_top_barcode_right@2x.png */,
				184CDF9B18FD5C2B00350402 /* bullion_top_logo_center@2x.png */,
				184CDF9C18FD5C2B00350402 /* bullion_top_logo_left@2x.png */,
				184CDF9D18FD5C2B00350402 /* bullion_top_logo_right@2x.png */,
			);
			path = Game;
			sourceTree = "<group>";
		};
		186661F218FE85D2003552ED /* Stamp */ = {
			isa = PBXGroup;
			children = (
				1866621218FEDCB1003552ED /* ImageBlock */,
				1866620918FE9BA7003552ED /* PhotoController */,
				186661F318FE85E7003552ED /* MRStampRootViewController.h */,
				186661F418FE85E7003552ED /* MRStampRootViewController.m */,
				186661F518FE85E7003552ED /* MRStampRootViewController.xib */,
			);
			path = Stamp;
			sourceTree = "<group>";
		};
		186661F818FE8B43003552ED /* Stamp */ = {
			isa = PBXGroup;
			children = (
				1866621618FEE1BE003552ED /* person.jpg */,
				1866620F18FEC431003552ED /* Photo */,
				186661F918FE8B43003552ED /* Menu */,
			);
			path = Stamp;
			sourceTree = "<group>";
		};
		186661F918FE8B43003552ED /* Menu */ = {
			isa = PBXGroup;
			children = (
				186661FA18FE8B43003552ED /* cut.png */,
				186661FB18FE8B43003552ED /* main.png */,
				186661FC18FE8B43003552ED /* photo.png */,
				186661FD18FE8B43003552ED /* result.png */,
			);
			path = Menu;
			sourceTree = "<group>";
		};
		1866620218FE8B89003552ED /* ALRadial */ = {
			isa = PBXGroup;
			children = (
				1866620318FE8B89003552ED /* ALRadialButton.h */,
				1866620418FE8B89003552ED /* ALRadialButton.m */,
				1866620518FE8B89003552ED /* ALRadialMenu.h */,
				1866620618FE8B89003552ED /* ALRadialMenu.m */,
			);
			path = ALRadial;
			sourceTree = "<group>";
		};
		1866620918FE9BA7003552ED /* PhotoController */ = {
			isa = PBXGroup;
			children = (
				1866620A18FE9C04003552ED /* MRPhotoViewController.h */,
				1866620B18FE9C04003552ED /* MRPhotoViewController.m */,
				1866620C18FE9C04003552ED /* MRPhotoViewController.xib */,
			);
			path = PhotoController;
			sourceTree = "<group>";
		};
		1866620F18FEC431003552ED /* Photo */ = {
			isa = PBXGroup;
			children = (
				1866621018FEC431003552ED /* siluet-photo-make@2x.png */,
			);
			path = Photo;
			sourceTree = "<group>";
		};
		1866621218FEDCB1003552ED /* ImageBlock */ = {
			isa = PBXGroup;
			children = (
				1866621318FEDCC7003552ED /* MRImageBlockView.h */,
				1866621418FEDCC7003552ED /* MRImageBlockView.m */,
			);
			path = ImageBlock;
			sourceTree = "<group>";
		};
		18936E2118E3F215009D88A6 = {
			isa = PBXGroup;
			children = (
				18936E3518E3F216009D88A6 /* MarlboroApp */,
				18936E5218E3F216009D88A6 /* MarlboroAppTests */,
				18936E2C18E3F215009D88A6 /* Frameworks */,
				18936E2B18E3F215009D88A6 /* Products */,
				C6EA91B96DAD4324A0FBC225 /* Pods.xcconfig */,
			);
			sourceTree = "<group>";
		};
		18936E2B18E3F215009D88A6 /* Products */ = {
			isa = PBXGroup;
			children = (
				18936E2A18E3F215009D88A6 /* M.GO.Design.app */,
				18936E4A18E3F216009D88A6 /* MarlboroAppTests.xctest */,
			);
			name = Products;
			sourceTree = "<group>";
		};
		18936E2C18E3F215009D88A6 /* Frameworks */ = {
			isa = PBXGroup;
			children = (
				1832325E18F03FC1004DC7BC /* CFNetwork.framework */,
				18936E2D18E3F215009D88A6 /* Foundation.framework */,
				18936E2F18E3F215009D88A6 /* CoreGraphics.framework */,
				18936E3118E3F215009D88A6 /* UIKit.framework */,
				18936E3318E3F215009D88A6 /* CoreData.framework */,
				18936E4B18E3F216009D88A6 /* XCTest.framework */,
				C445D8750A3F4388AC0A572B /* libPods.a */,
			);
			name = Frameworks;
			sourceTree = "<group>";
		};
		18936E3518E3F216009D88A6 /* MarlboroApp */ = {
			isa = PBXGroup;
			children = (
				18936EE118E77401009D88A6 /* Model */,
				18936E9318E42BF3009D88A6 /* ViewHelpers */,
				18936E6618E3FD52009D88A6 /* App */,
				18936E6518E3FC21009D88A6 /* Resources */,
				18936E6318E3FBB1009D88A6 /* Common */,
				18936E7018E401CD009D88A6 /* Controllers */,
				18936E4418E3F216009D88A6 /* Images.xcassets */,
				18936E4118E3F216009D88A6 /* MarlboroApp.xcdatamodeld */,
				18936E3618E3F216009D88A6 /* Supporting Files */,
			);
			path = MarlboroApp;
			sourceTree = "<group>";
		};
		18936E3618E3F216009D88A6 /* Supporting Files */ = {
			isa = PBXGroup;
			children = (
				18936E3718E3F216009D88A6 /* MarlboroApp-Info.plist */,
				18936E3818E3F216009D88A6 /* InfoPlist.strings */,
				18936E3B18E3F216009D88A6 /* main.m */,
				18936E3D18E3F216009D88A6 /* MarlboroApp-Prefix.pch */,
			);
			name = "Supporting Files";
			sourceTree = "<group>";
		};
		18936E5218E3F216009D88A6 /* MarlboroAppTests */ = {
			isa = PBXGroup;
			children = (
				18936E5818E3F216009D88A6 /* MarlboroAppTests.m */,
				18936E5318E3F216009D88A6 /* Supporting Files */,
			);
			path = MarlboroAppTests;
			sourceTree = "<group>";
		};
		18936E5318E3F216009D88A6 /* Supporting Files */ = {
			isa = PBXGroup;
			children = (
				18936E5418E3F216009D88A6 /* MarlboroAppTests-Info.plist */,
				18936E5518E3F216009D88A6 /* InfoPlist.strings */,
			);
			name = "Supporting Files";
			sourceTree = "<group>";
		};
		18936E6318E3FBB1009D88A6 /* Common */ = {
			isa = PBXGroup;
			children = (
				18936F0E18E86C64009D88A6 /* MailManager */,
				18936EF318E7FE62009D88A6 /* TimeManager */,
				18936E9818E42E0B009D88A6 /* UIView+GestureBlocks.h */,
				18936E9918E42E0B009D88A6 /* UIView+GestureBlocks.m */,
				18936E6418E3FBC6009D88A6 /* Global.h */,
				18936EF718E80F5C009D88A6 /* NSString+EngToRu.h */,
				18936EF818E80F5C009D88A6 /* NSString+EngToRu.m */,
			);
			path = Common;
			sourceTree = "<group>";
		};
		18936E6518E3FC21009D88A6 /* Resources */ = {
			isa = PBXGroup;
			children = (
				186661F818FE8B43003552ED /* Stamp */,
				184CDF9418FD5B4B00350402 /* Game */,
				18ADB6FC18EC459B0092AF6A /* Icons */,
				18936F6718EAE0CD009D88A6 /* Settings */,
				18936F4218E975F8009D88A6 /* background2.png */,
				18936F1818E8AF95009D88A6 /* Logo */,
				18936F0418E85AF5009D88A6 /* result_background.png */,
				18936EE518E7D215009D88A6 /* Barcode */,
				18936ED018E6EA91009D88A6 /* Controls */,
				18936EC118E6C372009D88A6 /* Keyboard */,
				18936EBA18E68693009D88A6 /* Checker */,
				18936EAA18E53D38009D88A6 /* Registration */,
				18936E8A18E412DB009D88A6 /* RootMenu */,
				18936E8218E40B1A009D88A6 /* Font */,
				18936E6E18E3FEBB009D88A6 /* background.png */,
			);
			path = Resources;
			sourceTree = "<group>";
		};
		18936E6618E3FD52009D88A6 /* App */ = {
			isa = PBXGroup;
			children = (
				18936E6718E3FD52009D88A6 /* MRAppDelegate.h */,
				18936E6818E3FD52009D88A6 /* MRAppDelegate.m */,
			);
			path = App;
			sourceTree = "<group>";
		};
		18936E7018E401CD009D88A6 /* Controllers */ = {
			isa = PBXGroup;
			children = (
				186661F218FE85D2003552ED /* Stamp */,
				184CDF8E18FD0E6F00350402 /* Game */,
				18936F1918E8B08C009D88A6 /* Logo */,
				18936ED718E76ED5009D88A6 /* Barcode */,
				18936EB018E58391009D88A6 /* Chooser */,
				18936E9E18E53174009D88A6 /* Registration */,
				18936F5118EAB21A009D88A6 /* SettingsController */,
				18936E7A18E40637009D88A6 /* RootMenuController */,
				18936E7618E40637009D88A6 /* RootController */,
			);
			path = Controllers;
			sourceTree = "<group>";
		};
		18936E7618E40637009D88A6 /* RootController */ = {
			isa = PBXGroup;
			children = (
				18936F3418E971A3009D88A6 /* RippleBackground */,
				18936E7718E40637009D88A6 /* MRRootViewController.h */,
				18936E7818E40637009D88A6 /* MRRootViewController.m */,
				18936E7918E40637009D88A6 /* MRRootViewController.xib */,
				18936E8518E40CEF009D88A6 /* MRParentViewController.h */,
				18936E8618E40CEF009D88A6 /* MRParentViewController.m */,
			);
			path = RootController;
			sourceTree = "<group>";
		};
		18936E7A18E40637009D88A6 /* RootMenuController */ = {
			isa = PBXGroup;
			children = (
				18936E7D18E4064F009D88A6 /* MRRootMenuViewController.h */,
				18936E7E18E4064F009D88A6 /* MRRootMenuViewController.m */,
				18936E7F18E4064F009D88A6 /* MRRootMenuViewController.xib */,
			);
			path = RootMenuController;
			sourceTree = "<group>";
		};
		18936E8218E40B1A009D88A6 /* Font */ = {
			isa = PBXGroup;
			children = (
				18936EE818E7D46F009D88A6 /* FuturaDemiC.ttf */,
				18936EE918E7D46F009D88A6 /* PFAgoraSlabPro-Black.ttf */,
				18936EEA18E7D46F009D88A6 /* Roboto-Thin.ttf */,
				18936E8818E410B6009D88A6 /* MyriadPro-Cond.otf */,
				18936E8318E40B32009D88A6 /* opti-agency-gothic.ttf */,
			);
			path = Font;
			sourceTree = "<group>";
		};
		18936E8A18E412DB009D88A6 /* RootMenu */ = {
			isa = PBXGroup;
			children = (
				18936EFA18E81B89009D88A6 /* active_logo@2x.png */,
				18936E8B18E412DB009D88A6 /* active_barcode@2x.png */,
				18936E8D18E412DB009D88A6 /* active_print@2x.png */,
				18936E8E18E412DB009D88A6 /* active_stamp@2x.png */,
			);
			path = RootMenu;
			sourceTree = "<group>";
		};
		18936E9318E42BF3009D88A6 /* ViewHelpers */ = {
			isa = PBXGroup;
			children = (
				1866620218FE8B89003552ED /* ALRadial */,
				18936ECA18E6C3BD009D88A6 /* KeyboardView */,
				18936E9418E42C0D009D88A6 /* ActivationView */,
			);
			name = ViewHelpers;
			path = Resources/ViewHelpers;
			sourceTree = "<group>";
		};
		18936E9418E42C0D009D88A6 /* ActivationView */ = {
			isa = PBXGroup;
			children = (
				18936E9518E42C0D009D88A6 /* PMActivationView.h */,
				18936E9618E42C0D009D88A6 /* PMActivationView.m */,
			);
			path = ActivationView;
			sourceTree = "<group>";
		};
		18936E9E18E53174009D88A6 /* Registration */ = {
			isa = PBXGroup;
			children = (
				18936EA418E531B9009D88A6 /* RegistrationField */,
				18936E9F18E5318B009D88A6 /* MRRegistrationViewController.h */,
				18936EA018E5318B009D88A6 /* MRRegistrationViewController.m */,
				18936EA118E5318B009D88A6 /* MRRegistrationViewController.xib */,
			);
			path = Registration;
			sourceTree = "<group>";
		};
		18936EA418E531B9009D88A6 /* RegistrationField */ = {
			isa = PBXGroup;
			children = (
				18936EA518E531E6009D88A6 /* MRRegistrationItemView.h */,
				18936EA618E531E6009D88A6 /* MRRegistrationItemView.m */,
			);
			path = RegistrationField;
			sourceTree = "<group>";
		};
		18936EAA18E53D38009D88A6 /* Registration */ = {
			isa = PBXGroup;
			children = (
				18936EAB18E53D38009D88A6 /* field_background@2x.png */,
			);
			path = Registration;
			sourceTree = "<group>";
		};
		18936EB018E58391009D88A6 /* Chooser */ = {
			isa = PBXGroup;
			children = (
				18936EB618E5899A009D88A6 /* CheckItem */,
				18936EB118E583BC009D88A6 /* MRChooserViewController.h */,
				18936EB218E583BC009D88A6 /* MRChooserViewController.m */,
				18936EB318E583BC009D88A6 /* MRChooserViewController.xib */,
			);
			path = Chooser;
			sourceTree = "<group>";
		};
		18936EB618E5899A009D88A6 /* CheckItem */ = {
			isa = PBXGroup;
			children = (
				18936EB718E589AD009D88A6 /* MRCheckItem.h */,
				18936EB818E589AD009D88A6 /* MRCheckItem.m */,
			);
			path = CheckItem;
			sourceTree = "<group>";
		};
		18936EBA18E68693009D88A6 /* Checker */ = {
			isa = PBXGroup;
			children = (
				18936EBB18E68693009D88A6 /* check@2x.png */,
				18936EBC18E68693009D88A6 /* check_frame@2x.png */,
			);
			path = Checker;
			sourceTree = "<group>";
		};
		18936EC118E6C372009D88A6 /* Keyboard */ = {
			isa = PBXGroup;
			children = (
				18936F7818EAE34C009D88A6 /* keyboard_backspace@2x.png */,
				18936EC218E6C372009D88A6 /* keyboard_button@2x.png */,
				18936EC318E6C372009D88A6 /* keyboard_delete@2x.png */,
				18936EC418E6C372009D88A6 /* keyboard_ru_eng@2x.png */,
				18936EC518E6C372009D88A6 /* keyboard_space@2x.png */,
			);
			path = Keyboard;
			sourceTree = "<group>";
		};
		18936ECA18E6C3BD009D88A6 /* KeyboardView */ = {
			isa = PBXGroup;
			children = (
				18936ECB18E6C3BD009D88A6 /* PMCustomKeyboard.h */,
				18936ECC18E6C3BD009D88A6 /* PMCustomKeyboard.m */,
				18936ECD18E6C3BD009D88A6 /* PMCustomKeyboard.xib */,
			);
			path = KeyboardView;
			sourceTree = "<group>";
		};
		18936ED018E6EA91009D88A6 /* Controls */ = {
			isa = PBXGroup;
			children = (
				18936F0618E85BB6009D88A6 /* close_btn_large@2x.png */,
				18936F0718E85BB6009D88A6 /* close_btn_short@2x.png */,
				18936F0818E85BB6009D88A6 /* save_btn_large@2x.png */,
				18936F0918E85BB6009D88A6 /* save_btn_short@2x.png */,
				18936ED518E75EA7009D88A6 /* continue_button@2x.png */,
				18936ED118E6EA91009D88A6 /* back@2x.png */,
			);
			path = Controls;
			sourceTree = "<group>";
		};
		18936ED718E76ED5009D88A6 /* Barcode */ = {
			isa = PBXGroup;
			children = (
				18936EDD18E770CC009D88A6 /* ImageGenerator */,
				18936ED818E76EF4009D88A6 /* MRBarcodeListViewController.h */,
				18936ED918E76EF4009D88A6 /* MRBarcodeListViewController.m */,
				18936EDA18E76EF4009D88A6 /* MRBarcodeListViewController.xib */,
				18936EF018E7F14A009D88A6 /* BarcodeSavedView.h */,
				18936EF118E7F14A009D88A6 /* BarcodeSavedView.m */,
				18936EEE18E7F058009D88A6 /* BarcodeSavedView.xib */,
			);
			path = Barcode;
			sourceTree = "<group>";
		};
		18936EDD18E770CC009D88A6 /* ImageGenerator */ = {
			isa = PBXGroup;
			children = (
				18936EDE18E770EE009D88A6 /* UIImage+BarcodeImage.h */,
				18936EDF18E770EE009D88A6 /* UIImage+BarcodeImage.m */,
			);
			path = ImageGenerator;
			sourceTree = "<group>";
		};
		18936EE118E77401009D88A6 /* Model */ = {
			isa = PBXGroup;
			children = (
				18936EE218E774BB009D88A6 /* MRDataManager.h */,
				18936EE318E774BB009D88A6 /* MRDataManager.m */,
			);
			path = Model;
			sourceTree = "<group>";
		};
		18936EE518E7D215009D88A6 /* Barcode */ = {
			isa = PBXGroup;
			children = (
				18936EE618E7D215009D88A6 /* texture.png */,
			);
			path = Barcode;
			sourceTree = "<group>";
		};
		18936EF318E7FE62009D88A6 /* TimeManager */ = {
			isa = PBXGroup;
			children = (
				18936EF418E7FE62009D88A6 /* PMTimeManager.h */,
				18936EF518E7FE62009D88A6 /* PMTimeManager.m */,
			);
			path = TimeManager;
			sourceTree = "<group>";
		};
		18936F0E18E86C64009D88A6 /* MailManager */ = {
			isa = PBXGroup;
			children = (
				1832324E18F03310004DC7BC /* SMTPLibrary */,
				18936F0F18E86C64009D88A6 /* PMMailManager.h */,
				18936F1018E86C64009D88A6 /* PMMailManager.m */,
			);
			path = MailManager;
			sourceTree = "<group>";
		};
		18936F1818E8AF95009D88A6 /* Logo */ = {
			isa = PBXGroup;
			children = (
				18936F2318E8B37A009D88A6 /* logo1.png */,
				18936F2418E8B37A009D88A6 /* logo1@2x.png */,
				18936F2518E8B37A009D88A6 /* logo2.png */,
				18936F2618E8B37A009D88A6 /* logo2@2x.png */,
				18936F2718E8B37A009D88A6 /* logo3.png */,
				18936F2818E8B37A009D88A6 /* logo3@2x.png */,
			);
			path = Logo;
			sourceTree = "<group>";
		};
		18936F1918E8B08C009D88A6 /* Logo */ = {
			isa = PBXGroup;
			children = (
				18936F1F18E8B320009D88A6 /* ImageGenerator */,
				18936F1A18E8B0B4009D88A6 /* MRLogoListViewController.h */,
				18936F1B18E8B0B4009D88A6 /* MRLogoListViewController.m */,
				18936F1C18E8B0B4009D88A6 /* MRLogoListViewController.xib */,
				18936F2F18E8CA9F009D88A6 /* LogoSavedView.h */,
				18936F3018E8CA9F009D88A6 /* LogoSavedView.m */,
				18936F3218E8CAB1009D88A6 /* LogoSavedView.xib */,
			);
			path = Logo;
			sourceTree = "<group>";
		};
		18936F1F18E8B320009D88A6 /* ImageGenerator */ = {
			isa = PBXGroup;
			children = (
				18936F2018E8B353009D88A6 /* UIImage+LogoImage.h */,
				18ADB6FA18EBFF560092AF6A /* UIImage+LogoImage.m */,
			);
			path = ImageGenerator;
			sourceTree = "<group>";
		};
		18936F3418E971A3009D88A6 /* RippleBackground */ = {
			isa = PBXGroup;
			children = (
				18936F3518E971A3009D88A6 /* RippleModel.h */,
				18936F3618E971A3009D88A6 /* RippleModel.m */,
				18936F3718E971A3009D88A6 /* RippleViewController.h */,
				18936F3818E971A3009D88A6 /* RippleViewController.m */,
				18936F3918E971A3009D88A6 /* Shaders */,
			);
			path = RippleBackground;
			sourceTree = "<group>";
		};
		18936F3918E971A3009D88A6 /* Shaders */ = {
			isa = PBXGroup;
			children = (
				18936F3A18E971A3009D88A6 /* RippleShader.fsh */,
				18936F3B18E971A3009D88A6 /* RippleShader.vsh */,
			);
			path = Shaders;
			sourceTree = "<group>";
		};
		18936F5118EAB21A009D88A6 /* SettingsController */ = {
			isa = PBXGroup;
			children = (
				18936F5218EAB23B009D88A6 /* MRSettingsViewController.h */,
				18936F5318EAB23B009D88A6 /* MRSettingsViewController.m */,
				18936F5418EAB23B009D88A6 /* MRSettingsViewController.xib */,
			);
			path = SettingsController;
			sourceTree = "<group>";
		};
		18936F6718EAE0CD009D88A6 /* Settings */ = {
			isa = PBXGroup;
			children = (
				18936F6818EAE0CD009D88A6 /* active_barcode-disable@2x.png */,
				18936F6918EAE0CD009D88A6 /* active_logo-disable@2x.png */,
				18936F6A18EAE0CD009D88A6 /* active_print-disable@2x.png */,
				18936F6B18EAE0CD009D88A6 /* active_stamp-disable@2x.png */,
				18936F6C18EAE0CD009D88A6 /* exit@2x.png */,
				18936F6D18EAE0CD009D88A6 /* exit2.png */,
				18936F6E18EAE0CD009D88A6 /* settings-close-small@2x.png */,
				18936F6F18EAE0CD009D88A6 /* settings@2x.png */,
			);
			path = Settings;
			sourceTree = "<group>";
		};
		18ADB6FC18EC459B0092AF6A /* Icons */ = {
			isa = PBXGroup;
			children = (
				18ADB6FD18EC459B0092AF6A /* icon_100x100.png */,
				18ADB6FE18EC459B0092AF6A /* icon_1024x1024.png */,
				18ADB6FF18EC459B0092AF6A /* icon_144x144.png */,
				18ADB70018EC459B0092AF6A /* icon_152x152.png */,
				18ADB70118EC459B0092AF6A /* icon_72x72.png */,
				18ADB70218EC459B0092AF6A /* icon_76x76.png */,
			);
			path = Icons;
			sourceTree = "<group>";
		};
/* End PBXGroup section */

/* Begin PBXNativeTarget section */
		18936E2918E3F215009D88A6 /* MarlboroApp */ = {
			isa = PBXNativeTarget;
			buildConfigurationList = 18936E5C18E3F216009D88A6 /* Build configuration list for PBXNativeTarget "MarlboroApp" */;
			buildPhases = (
				C872F9DF778245F69E9A1341 /* Check Pods Manifest.lock */,
				18936E2618E3F215009D88A6 /* Sources */,
				18936E2718E3F215009D88A6 /* Frameworks */,
				18936E2818E3F215009D88A6 /* Resources */,
				66B1734F133442F6AC70BB41 /* Copy Pods Resources */,
			);
			buildRules = (
			);
			dependencies = (
			);
			name = MarlboroApp;
			productName = MarlboroApp;
			productReference = 18936E2A18E3F215009D88A6 /* M.GO.Design.app */;
			productType = "com.apple.product-type.application";
		};
		18936E4918E3F216009D88A6 /* MarlboroAppTests */ = {
			isa = PBXNativeTarget;
			buildConfigurationList = 18936E5F18E3F216009D88A6 /* Build configuration list for PBXNativeTarget "MarlboroAppTests" */;
			buildPhases = (
				18936E4618E3F216009D88A6 /* Sources */,
				18936E4718E3F216009D88A6 /* Frameworks */,
				18936E4818E3F216009D88A6 /* Resources */,
			);
			buildRules = (
			);
			dependencies = (
				18936E5118E3F216009D88A6 /* PBXTargetDependency */,
			);
			name = MarlboroAppTests;
			productName = MarlboroAppTests;
			productReference = 18936E4A18E3F216009D88A6 /* MarlboroAppTests.xctest */;
			productType = "com.apple.product-type.bundle.unit-test";
		};
/* End PBXNativeTarget section */

/* Begin PBXProject section */
		18936E2218E3F215009D88A6 /* Project object */ = {
			isa = PBXProject;
			attributes = {
				CLASSPREFIX = MR;
				LastUpgradeCheck = 0510;
				ORGANIZATIONNAME = brandmill;
				TargetAttributes = {
					18936E2918E3F215009D88A6 = {
						DevelopmentTeam = BLTF8P8RTQ;
					};
					18936E4918E3F216009D88A6 = {
						TestTargetID = 18936E2918E3F215009D88A6;
					};
				};
			};
			buildConfigurationList = 18936E2518E3F215009D88A6 /* Build configuration list for PBXProject "MarlboroApp" */;
			compatibilityVersion = "Xcode 3.2";
			developmentRegion = English;
			hasScannedForEncodings = 0;
			knownRegions = (
				en,
			);
			mainGroup = 18936E2118E3F215009D88A6;
			productRefGroup = 18936E2B18E3F215009D88A6 /* Products */;
			projectDirPath = "";
			projectRoot = "";
			targets = (
				18936E2918E3F215009D88A6 /* MarlboroApp */,
				18936E4918E3F216009D88A6 /* MarlboroAppTests */,
			);
		};
/* End PBXProject section */

/* Begin PBXResourcesBuildPhase section */
		18936E2818E3F215009D88A6 /* Resources */ = {
			isa = PBXResourcesBuildPhase;
			buildActionMask = 2147483647;
			files = (
				18936F7118EAE0CD009D88A6 /* active_logo-disable@2x.png in Resources */,
				184CDFA018FD5C2B00350402 /* bullion_bottom_usa@2x.png in Resources */,
				18936F7018EAE0CD009D88A6 /* active_barcode-disable@2x.png in Resources */,
				18936EED18E7D46F009D88A6 /* Roboto-Thin.ttf in Resources */,
				18936E8F18E412DB009D88A6 /* active_barcode@2x.png in Resources */,
				18936F2C18E8B37A009D88A6 /* logo2@2x.png in Resources */,
				184CDFA518FD5C2B00350402 /* bullion_top_logo_left@2x.png in Resources */,
				18936E8118E4064F009D88A6 /* MRRootMenuViewController.xib in Resources */,
				18936EEF18E7F058009D88A6 /* BarcodeSavedView.xib in Resources */,
				18936F0A18E85BB6009D88A6 /* close_btn_large@2x.png in Resources */,
				18936EDC18E76EF4009D88A6 /* MRBarcodeListViewController.xib in Resources */,
				18936F7218EAE0CD009D88A6 /* active_print-disable@2x.png in Resources */,
				1866620118FE8B43003552ED /* result.png in Resources */,
				18936F0518E85AF5009D88A6 /* result_background.png in Resources */,
				184CDFA218FD5C2B00350402 /* bullion_top_barcode_left@2x.png in Resources */,
				18ADB70718EC459B0092AF6A /* icon_72x72.png in Resources */,
				18936F7918EAE34D009D88A6 /* keyboard_backspace@2x.png in Resources */,
				186661FF18FE8B43003552ED /* main.png in Resources */,
				1866620018FE8B43003552ED /* photo.png in Resources */,
				184CDFA418FD5C2B00350402 /* bullion_top_logo_center@2x.png in Resources */,
				18936E6F18E3FEBB009D88A6 /* background.png in Resources */,
				18936E3A18E3F216009D88A6 /* InfoPlist.strings in Resources */,
				18936EA318E5318B009D88A6 /* MRRegistrationViewController.xib in Resources */,
				18936EEB18E7D46F009D88A6 /* FuturaDemiC.ttf in Resources */,
				18936F2A18E8B37A009D88A6 /* logo1@2x.png in Resources */,
				18936EC618E6C372009D88A6 /* keyboard_button@2x.png in Resources */,
				18936EBE18E68693009D88A6 /* check_frame@2x.png in Resources */,
				18936F0C18E85BB6009D88A6 /* save_btn_large@2x.png in Resources */,
				18936E9218E412DB009D88A6 /* active_stamp@2x.png in Resources */,
				184CDFA318FD5C2B00350402 /* bullion_top_barcode_right@2x.png in Resources */,
				184CDF9E18FD5C2B00350402 /* bullion_bottom_germany@2x.png in Resources */,
				184CDFA118FD5C2B00350402 /* bullion_top_barcode_center@2x.png in Resources */,
				18936F0B18E85BB6009D88A6 /* close_btn_short@2x.png in Resources */,
				184CDF9F18FD5C2B00350402 /* bullion_bottom_russia@2x.png in Resources */,
				18936EAC18E53D38009D88A6 /* field_background@2x.png in Resources */,
				18936EC818E6C372009D88A6 /* keyboard_ru_eng@2x.png in Resources */,
				18ADB70418EC459B0092AF6A /* icon_1024x1024.png in Resources */,
				18936F0D18E85BB6009D88A6 /* save_btn_short@2x.png in Resources */,
				18936F7718EAE0CD009D88A6 /* settings@2x.png in Resources */,
				18936EFB18E81B89009D88A6 /* active_logo@2x.png in Resources */,
				1866621718FEE1BE003552ED /* person.jpg in Resources */,
				18936E8418E40B32009D88A6 /* opti-agency-gothic.ttf in Resources */,
				18936E9118E412DB009D88A6 /* active_print@2x.png in Resources */,
				18ADB70318EC459B0092AF6A /* icon_100x100.png in Resources */,
				18ADB70818EC459B0092AF6A /* icon_76x76.png in Resources */,
				18936F2D18E8B37A009D88A6 /* logo3.png in Resources */,
				18936F2918E8B37A009D88A6 /* logo1.png in Resources */,
				18936EBD18E68693009D88A6 /* check@2x.png in Resources */,
				18936F5618EAB23B009D88A6 /* MRSettingsViewController.xib in Resources */,
				186661F718FE85E7003552ED /* MRStampRootViewController.xib in Resources */,
				18936F3318E8CAB1009D88A6 /* LogoSavedView.xib in Resources */,
				18936F2B18E8B37A009D88A6 /* logo2.png in Resources */,
				18936EEC18E7D46F009D88A6 /* PFAgoraSlabPro-Black.ttf in Resources */,
				18936F3E18E971A3009D88A6 /* RippleShader.fsh in Resources */,
				18936ECF18E6C3BD009D88A6 /* PMCustomKeyboard.xib in Resources */,
				18936F1E18E8B0B4009D88A6 /* MRLogoListViewController.xib in Resources */,
				18ADB70518EC459B0092AF6A /* icon_144x144.png in Resources */,
				18936F7618EAE0CD009D88A6 /* settings-close-small@2x.png in Resources */,
				18936EE718E7D215009D88A6 /* texture.png in Resources */,
				18936F7318EAE0CD009D88A6 /* active_stamp-disable@2x.png in Resources */,
				18936F3F18E971A3009D88A6 /* RippleShader.vsh in Resources */,
				1866620E18FE9C04003552ED /* MRPhotoViewController.xib in Resources */,
				18936F2E18E8B37A009D88A6 /* logo3@2x.png in Resources */,
				184CDF9318FD0E8900350402 /* MRGameViewController.xib in Resources */,
				18936EC718E6C372009D88A6 /* keyboard_delete@2x.png in Resources */,
				1866621118FEC431003552ED /* siluet-photo-make@2x.png in Resources */,
				18936F4318E975F8009D88A6 /* background2.png in Resources */,
				18936ED318E6EA91009D88A6 /* back@2x.png in Resources */,
				18936ED618E75EA7009D88A6 /* continue_button@2x.png in Resources */,
				186661FE18FE8B43003552ED /* cut.png in Resources */,
				184CDFA618FD5C2B00350402 /* bullion_top_logo_right@2x.png in Resources */,
				18936F7418EAE0CD009D88A6 /* exit@2x.png in Resources */,
				18936EB518E583BC009D88A6 /* MRChooserViewController.xib in Resources */,
				18936E4518E3F216009D88A6 /* Images.xcassets in Resources */,
				18ADB70618EC459B0092AF6A /* icon_152x152.png in Resources */,
				18936E8918E410B6009D88A6 /* MyriadPro-Cond.otf in Resources */,
				18936F7518EAE0CD009D88A6 /* exit2.png in Resources */,
				18936E7C18E40637009D88A6 /* MRRootViewController.xib in Resources */,
				18936EC918E6C372009D88A6 /* keyboard_space@2x.png in Resources */,
			);
			runOnlyForDeploymentPostprocessing = 0;
		};
		18936E4818E3F216009D88A6 /* Resources */ = {
			isa = PBXResourcesBuildPhase;
			buildActionMask = 2147483647;
			files = (
				18936E5718E3F216009D88A6 /* InfoPlist.strings in Resources */,
			);
			runOnlyForDeploymentPostprocessing = 0;
		};
/* End PBXResourcesBuildPhase section */

/* Begin PBXShellScriptBuildPhase section */
		66B1734F133442F6AC70BB41 /* Copy Pods Resources */ = {
			isa = PBXShellScriptBuildPhase;
			buildActionMask = 2147483647;
			files = (
			);
			inputPaths = (
			);
			name = "Copy Pods Resources";
			outputPaths = (
			);
			runOnlyForDeploymentPostprocessing = 0;
			shellPath = /bin/sh;
			shellScript = "\"${SRCROOT}/Pods/Pods-resources.sh\"\n";
			showEnvVarsInLog = 0;
		};
		C872F9DF778245F69E9A1341 /* Check Pods Manifest.lock */ = {
			isa = PBXShellScriptBuildPhase;
			buildActionMask = 2147483647;
			files = (
			);
			inputPaths = (
			);
			name = "Check Pods Manifest.lock";
			outputPaths = (
			);
			runOnlyForDeploymentPostprocessing = 0;
			shellPath = /bin/sh;
			shellScript = "diff \"${PODS_ROOT}/../Podfile.lock\" \"${PODS_ROOT}/Manifest.lock\" > /dev/null\nif [[ $? != 0 ]] ; then\n    cat << EOM\nerror: The sandbox is not in sync with the Podfile.lock. Run 'pod install' or update your CocoaPods installation.\nEOM\n    exit 1\nfi\n";
			showEnvVarsInLog = 0;
		};
/* End PBXShellScriptBuildPhase section */

/* Begin PBXSourcesBuildPhase section */
		18936E2618E3F215009D88A6 /* Sources */ = {
			isa = PBXSourcesBuildPhase;
			buildActionMask = 2147483647;
			files = (
				1832325A18F03310004DC7BC /* HSK_CFUtilities.m in Sources */,
				18936EB918E589AD009D88A6 /* MRCheckItem.m in Sources */,
				18936E6918E3FD52009D88A6 /* MRAppDelegate.m in Sources */,
				1866620818FE8B89003552ED /* ALRadialMenu.m in Sources */,
				18936F1D18E8B0B4009D88A6 /* MRLogoListViewController.m in Sources */,
				18936EA718E531E6009D88A6 /* MRRegistrationItemView.m in Sources */,
				18936F5518EAB23B009D88A6 /* MRSettingsViewController.m in Sources */,
				18936F3D18E971A3009D88A6 /* RippleViewController.m in Sources */,
				18ADB6FB18EBFF560092AF6A /* UIImage+LogoImage.m in Sources */,
				18936EF618E7FE62009D88A6 /* PMTimeManager.m in Sources */,
				184CDF9218FD0E8900350402 /* MRGameViewController.m in Sources */,
				18936E9718E42C0D009D88A6 /* PMActivationView.m in Sources */,
				18936F1118E86C64009D88A6 /* PMMailManager.m in Sources */,
				18936F3118E8CA9F009D88A6 /* LogoSavedView.m in Sources */,
				1866620718FE8B89003552ED /* ALRadialButton.m in Sources */,
				18936EE018E770EF009D88A6 /* UIImage+BarcodeImage.m in Sources */,
				18936EF218E7F14A009D88A6 /* BarcodeSavedView.m in Sources */,
				18936EA218E5318B009D88A6 /* MRRegistrationViewController.m in Sources */,
				1866620D18FE9C04003552ED /* MRPhotoViewController.m in Sources */,
				18936E9A18E42E0B009D88A6 /* UIView+GestureBlocks.m in Sources */,
				186661F618FE85E7003552ED /* MRStampRootViewController.m in Sources */,
				1832325C18F03310004DC7BC /* NSStream+SKPSMTPExtensions.m in Sources */,
				18936E8718E40CEF009D88A6 /* MRParentViewController.m in Sources */,
				18936EF918E80F5C009D88A6 /* NSString+EngToRu.m in Sources */,
				1832325D18F03310004DC7BC /* SKPSMTPMessage.m in Sources */,
				18936E4318E3F216009D88A6 /* MarlboroApp.xcdatamodeld in Sources */,
				1832325918F03310004DC7BC /* Base64Transcoder.m in Sources */,
				18936E3C18E3F216009D88A6 /* main.m in Sources */,
				1866621518FEDCC7003552ED /* MRImageBlockView.m in Sources */,
				1832325B18F03310004DC7BC /* NSData+Base64Additions.m in Sources */,
				18936E7B18E40637009D88A6 /* MRRootViewController.m in Sources */,
				18936ECE18E6C3BD009D88A6 /* PMCustomKeyboard.m in Sources */,
				18936E8018E4064F009D88A6 /* MRRootMenuViewController.m in Sources */,
				18936EDB18E76EF4009D88A6 /* MRBarcodeListViewController.m in Sources */,
				18936F3C18E971A3009D88A6 /* RippleModel.m in Sources */,
				18936EE418E774BB009D88A6 /* MRDataManager.m in Sources */,
				18936EB418E583BC009D88A6 /* MRChooserViewController.m in Sources */,
			);
			runOnlyForDeploymentPostprocessing = 0;
		};
		18936E4618E3F216009D88A6 /* Sources */ = {
			isa = PBXSourcesBuildPhase;
			buildActionMask = 2147483647;
			files = (
				18936E5918E3F216009D88A6 /* MarlboroAppTests.m in Sources */,
			);
			runOnlyForDeploymentPostprocessing = 0;
		};
/* End PBXSourcesBuildPhase section */

/* Begin PBXTargetDependency section */
		18936E5118E3F216009D88A6 /* PBXTargetDependency */ = {
			isa = PBXTargetDependency;
			target = 18936E2918E3F215009D88A6 /* MarlboroApp */;
			targetProxy = 18936E5018E3F216009D88A6 /* PBXContainerItemProxy */;
		};
/* End PBXTargetDependency section */

/* Begin PBXVariantGroup section */
		18936E3818E3F216009D88A6 /* InfoPlist.strings */ = {
			isa = PBXVariantGroup;
			children = (
				18936E3918E3F216009D88A6 /* en */,
			);
			name = InfoPlist.strings;
			sourceTree = "<group>";
		};
		18936E5518E3F216009D88A6 /* InfoPlist.strings */ = {
			isa = PBXVariantGroup;
			children = (
				18936E5618E3F216009D88A6 /* en */,
			);
			name = InfoPlist.strings;
			sourceTree = "<group>";
		};
/* End PBXVariantGroup section */

/* Begin XCBuildConfiguration section */
		18936E5A18E3F216009D88A6 /* Debug */ = {
			isa = XCBuildConfiguration;
			buildSettings = {
				ALWAYS_SEARCH_USER_PATHS = NO;
				CLANG_CXX_LANGUAGE_STANDARD = "gnu++0x";
				CLANG_CXX_LIBRARY = "libc++";
				CLANG_ENABLE_MODULES = YES;
				CLANG_ENABLE_OBJC_ARC = YES;
				CLANG_WARN_BOOL_CONVERSION = YES;
				CLANG_WARN_CONSTANT_CONVERSION = YES;
				CLANG_WARN_DIRECT_OBJC_ISA_USAGE = YES_ERROR;
				CLANG_WARN_EMPTY_BODY = YES;
				CLANG_WARN_ENUM_CONVERSION = YES;
				CLANG_WARN_INT_CONVERSION = YES;
				CLANG_WARN_OBJC_ROOT_CLASS = YES_ERROR;
				CLANG_WARN__DUPLICATE_METHOD_MATCH = YES;
				"CODE_SIGN_IDENTITY[sdk=iphoneos*]" = "iPhone Developer";
				COPY_PHASE_STRIP = NO;
				GCC_C_LANGUAGE_STANDARD = gnu99;
				GCC_DYNAMIC_NO_PIC = NO;
				GCC_OPTIMIZATION_LEVEL = 0;
				GCC_PREPROCESSOR_DEFINITIONS = (
					"DEBUG=1",
					"$(inherited)",
				);
				GCC_SYMBOLS_PRIVATE_EXTERN = NO;
				GCC_WARN_64_TO_32_BIT_CONVERSION = YES;
				GCC_WARN_ABOUT_RETURN_TYPE = YES_ERROR;
				GCC_WARN_UNDECLARED_SELECTOR = YES;
				GCC_WARN_UNINITIALIZED_AUTOS = YES_AGGRESSIVE;
				GCC_WARN_UNUSED_FUNCTION = YES;
				GCC_WARN_UNUSED_VARIABLE = YES;
				IPHONEOS_DEPLOYMENT_TARGET = 7.1;
				ONLY_ACTIVE_ARCH = YES;
				SDKROOT = iphoneos;
				TARGETED_DEVICE_FAMILY = 2;
			};
			name = Debug;
		};
		18936E5B18E3F216009D88A6 /* Release */ = {
			isa = XCBuildConfiguration;
			buildSettings = {
				ALWAYS_SEARCH_USER_PATHS = NO;
				CLANG_CXX_LANGUAGE_STANDARD = "gnu++0x";
				CLANG_CXX_LIBRARY = "libc++";
				CLANG_ENABLE_MODULES = YES;
				CLANG_ENABLE_OBJC_ARC = YES;
				CLANG_WARN_BOOL_CONVERSION = YES;
				CLANG_WARN_CONSTANT_CONVERSION = YES;
				CLANG_WARN_DIRECT_OBJC_ISA_USAGE = YES_ERROR;
				CLANG_WARN_EMPTY_BODY = YES;
				CLANG_WARN_ENUM_CONVERSION = YES;
				CLANG_WARN_INT_CONVERSION = YES;
				CLANG_WARN_OBJC_ROOT_CLASS = YES_ERROR;
				CLANG_WARN__DUPLICATE_METHOD_MATCH = YES;
				"CODE_SIGN_IDENTITY[sdk=iphoneos*]" = "iPhone Developer";
				COPY_PHASE_STRIP = YES;
				ENABLE_NS_ASSERTIONS = NO;
				GCC_C_LANGUAGE_STANDARD = gnu99;
				GCC_WARN_64_TO_32_BIT_CONVERSION = YES;
				GCC_WARN_ABOUT_RETURN_TYPE = YES_ERROR;
				GCC_WARN_UNDECLARED_SELECTOR = YES;
				GCC_WARN_UNINITIALIZED_AUTOS = YES_AGGRESSIVE;
				GCC_WARN_UNUSED_FUNCTION = YES;
				GCC_WARN_UNUSED_VARIABLE = YES;
				IPHONEOS_DEPLOYMENT_TARGET = 7.1;
				SDKROOT = iphoneos;
				TARGETED_DEVICE_FAMILY = 2;
				VALIDATE_PRODUCT = YES;
			};
			name = Release;
		};
		18936E5D18E3F216009D88A6 /* Debug */ = {
			isa = XCBuildConfiguration;
			baseConfigurationReference = C6EA91B96DAD4324A0FBC225 /* Pods.xcconfig */;
			buildSettings = {
				ASSETCATALOG_COMPILER_APPICON_NAME = AppIcon;
				ASSETCATALOG_COMPILER_LAUNCHIMAGE_NAME = LaunchImage;
				CODE_SIGN_IDENTITY = "iPhone Developer: Denis Dubov (696B5QNB3Y)";
				"CODE_SIGN_IDENTITY[sdk=iphoneos*]" = "iPhone Developer";
				GCC_PRECOMPILE_PREFIX_HEADER = YES;
				GCC_PREFIX_HEADER = "MarlboroApp/MarlboroApp-Prefix.pch";
				INFOPLIST_FILE = "MarlboroApp/MarlboroApp-Info.plist";
				IPHONEOS_DEPLOYMENT_TARGET = 6.0;
				PRODUCT_NAME = M.GO.Design;
				PROVISIONING_PROFILE = "9CA189E8-1718-4127-BB1E-6528258F878E";
				WRAPPER_EXTENSION = app;
			};
			name = Debug;
		};
		18936E5E18E3F216009D88A6 /* Release */ = {
			isa = XCBuildConfiguration;
			baseConfigurationReference = C6EA91B96DAD4324A0FBC225 /* Pods.xcconfig */;
			buildSettings = {
				ASSETCATALOG_COMPILER_APPICON_NAME = AppIcon;
				ASSETCATALOG_COMPILER_LAUNCHIMAGE_NAME = LaunchImage;
				CODE_SIGN_IDENTITY = "iPhone Developer: Denis Dubov (696B5QNB3Y)";
				"CODE_SIGN_IDENTITY[sdk=iphoneos*]" = "iPhone Developer";
				GCC_PRECOMPILE_PREFIX_HEADER = YES;
				GCC_PREFIX_HEADER = "MarlboroApp/MarlboroApp-Prefix.pch";
				INFOPLIST_FILE = "MarlboroApp/MarlboroApp-Info.plist";
				IPHONEOS_DEPLOYMENT_TARGET = 6.0;
				PRODUCT_NAME = M.GO.Design;
				PROVISIONING_PROFILE = "9CA189E8-1718-4127-BB1E-6528258F878E";
				WRAPPER_EXTENSION = app;
			};
			name = Release;
		};
		18936E6018E3F216009D88A6 /* Debug */ = {
			isa = XCBuildConfiguration;
			buildSettings = {
				BUNDLE_LOADER = "$(BUILT_PRODUCTS_DIR)/MarlboroApp.app/MarlboroApp";
				FRAMEWORK_SEARCH_PATHS = (
					"$(SDKROOT)/Developer/Library/Frameworks",
					"$(inherited)",
					"$(DEVELOPER_FRAMEWORKS_DIR)",
				);
				GCC_PRECOMPILE_PREFIX_HEADER = YES;
				GCC_PREFIX_HEADER = "MarlboroApp/MarlboroApp-Prefix.pch";
				GCC_PREPROCESSOR_DEFINITIONS = (
					"DEBUG=1",
					"$(inherited)",
				);
				INFOPLIST_FILE = "MarlboroAppTests/MarlboroAppTests-Info.plist";
				PRODUCT_NAME = "$(TARGET_NAME)";
				TEST_HOST = "$(BUNDLE_LOADER)";
				WRAPPER_EXTENSION = xctest;
			};
			name = Debug;
		};
		18936E6118E3F216009D88A6 /* Release */ = {
			isa = XCBuildConfiguration;
			buildSettings = {
				BUNDLE_LOADER = "$(BUILT_PRODUCTS_DIR)/MarlboroApp.app/MarlboroApp";
				FRAMEWORK_SEARCH_PATHS = (
					"$(SDKROOT)/Developer/Library/Frameworks",
					"$(inherited)",
					"$(DEVELOPER_FRAMEWORKS_DIR)",
				);
				GCC_PRECOMPILE_PREFIX_HEADER = YES;
				GCC_PREFIX_HEADER = "MarlboroApp/MarlboroApp-Prefix.pch";
				INFOPLIST_FILE = "MarlboroAppTests/MarlboroAppTests-Info.plist";
				PRODUCT_NAME = "$(TARGET_NAME)";
				TEST_HOST = "$(BUNDLE_LOADER)";
				WRAPPER_EXTENSION = xctest;
			};
			name = Release;
		};
/* End XCBuildConfiguration section */

/* Begin XCConfigurationList section */
		18936E2518E3F215009D88A6 /* Build configuration list for PBXProject "MarlboroApp" */ = {
			isa = XCConfigurationList;
			buildConfigurations = (
				18936E5A18E3F216009D88A6 /* Debug */,
				18936E5B18E3F216009D88A6 /* Release */,
			);
			defaultConfigurationIsVisible = 0;
			defaultConfigurationName = Release;
		};
		18936E5C18E3F216009D88A6 /* Build configuration list for PBXNativeTarget "MarlboroApp" */ = {
			isa = XCConfigurationList;
			buildConfigurations = (
				18936E5D18E3F216009D88A6 /* Debug */,
				18936E5E18E3F216009D88A6 /* Release */,
			);
			defaultConfigurationIsVisible = 0;
			defaultConfigurationName = Release;
		};
		18936E5F18E3F216009D88A6 /* Build configuration list for PBXNativeTarget "MarlboroAppTests" */ = {
			isa = XCConfigurationList;
			buildConfigurations = (
				18936E6018E3F216009D88A6 /* Debug */,
				18936E6118E3F216009D88A6 /* Release */,
			);
			defaultConfigurationIsVisible = 0;
			defaultConfigurationName = Release;
		};
/* End XCConfigurationList section */

/* Begin XCVersionGroup section */
		18936E4118E3F216009D88A6 /* MarlboroApp.xcdatamodeld */ = {
			isa = XCVersionGroup;
			children = (
				18936E4218E3F216009D88A6 /* MarlboroApp.xcdatamodel */,
			);
			currentVersion = 18936E4218E3F216009D88A6 /* MarlboroApp.xcdatamodel */;
			path = MarlboroApp.xcdatamodeld;
			sourceTree = "<group>";
			versionGroupType = wrapper.xcdatamodel;
		};
/* End XCVersionGroup section */
	};
	rootObject = 18936E2218E3F215009D88A6 /* Project object */;
}
